
Microsoft Visual Studio Solution File, Format Version 12.00
# Visual Studio Version 17
VisualStudioVersion = 17.9.34728.123
MinimumVisualStudioVersion = 10.0.40219.1
Project("{8BC9CEB8-8B4A-11D0-8D11-00A0C91BC942}") = "003", "003\003.vcxproj", "{F3D1BBB9-B36C-4316-92D1-3334BF4A7EAC}"
EndProject
Project("{8BC9CEB8-8B4A-11D0-8D11-00A0C91BC942}") = "001", "001\001.vcxproj", "{7AE58C27-E376-4AFC-AFB2-CBC986976E43}"
EndProject
Project("{8BC9CEB8-8B4A-11D0-8D11-00A0C91BC942}") = "002", "002\002.vcxproj", "{CDF3E3E4-B389-4118-9B03-13D28901C9D4}"
EndProject
Project("{8BC9CEB8-8B4A-11D0-8D11-00A0C91BC942}") = "004", "004\004.vcxproj", "{DD0ED187-6D8B-4D99-A11D-28F33D9E36A9}"
EndProject
Project("{8BC9CEB8-8B4A-11D0-8D11-00A0C91BC942}") = "005", "005\005.vcxproj", "{D9866139-9AD7-4D88-9D93-7942FFE08C00}"
EndProject
Project("{8BC9CEB8-8B4A-11D0-8D11-00A0C91BC942}") = "006", "006\006.vcxproj", "{C733B1A3-34A4-485B-B742-A6DDA4D5BE4E}"
EndProject
Project("{8BC9CEB8-8B4A-11D0-8D11-00A0C91BC942}") = "007", "007\007.vcxproj", "{8CE79505-66A2-4166-928C-660539F675CF}"
EndProject
Project("{8BC9CEB8-8B4A-11D0-8D11-00A0C91BC942}") = "008", "008\008.vcxproj", "{E6613F7E-4C83-4EB9-B205-F67042F92518}"
EndProject
Project("{8BC9CEB8-8B4A-11D0-8D11-00A0C91BC942}") = "009", "009\009.vcxproj", "{F966C8F2-FA1A-4A4D-A191-6F909961EF4D}"
EndProject
Project("{8BC9CEB8-8B4A-11D0-8D11-00A0C91BC942}") = "010", "010\010.vcxproj", "{D979AEC7-4DDA-4CB2-AEAD-C8068659CB7A}"
EndProject
Project("{8BC9CEB8-8B4A-11D0-8D11-00A0C91BC942}") = "011", "011\011.vcxproj", "{A7C4EDD8-F991-4F3D-91CB-61A4584365FC}"
EndProject
Project("{8BC9CEB8-8B4A-11D0-8D11-00A0C91BC942}") = "012", "012\012.vcxproj", "{2D3E7D7F-34BB-4029-A357-FEA01336E5A4}"
EndProject
Project("{8BC9CEB8-8B4A-11D0-8D11-00A0C91BC942}") = "013", "013\013.vcxproj", "{24F32EDC-EF19-4F2F-B9D3-901708DA8599}"
EndProject
Project("{8BC9CEB8-8B4A-11D0-8D11-00A0C91BC942}") = "014", "014\014.vcxproj", "{E4DDB4EF-9D37-48DF-A189-5026030DEE30}"
EndProject
Project("{8BC9CEB8-8B4A-11D0-8D11-00A0C91BC942}") = "015", "015\015.vcxproj", "{C807C334-DE0E-45D4-9B51-1522042CC766}"
EndProject
Project("{8BC9CEB8-8B4A-11D0-8D11-00A0C91BC942}") = "016", "016\016.vcxproj", "{43D548D6-D435-4EDF-A9CD-B40DB8D5BBC4}"
EndProject
Project("{8BC9CEB8-8B4A-11D0-8D11-00A0C91BC942}") = "017", "017\017.vcxproj", "{05B8CFCE-DA8A-4661-92AC-2EACB07DF189}"
EndProject
Project("{8BC9CEB8-8B4A-11D0-8D11-00A0C91BC942}") = "018", "018\018.vcxproj", "{4F9FD80E-E0CB-436B-9126-F8FAF15E7611}"
EndProject
Project("{8BC9CEB8-8B4A-11D0-8D11-00A0C91BC942}") = "019", "019\019.vcxproj", "{E99EE9B2-5214-47A1-92DA-7DF13C8BDD91}"
EndProject
Project("{8BC9CEB8-8B4A-11D0-8D11-00A0C91BC942}") = "020", "020\020.vcxproj", "{9BBE1542-439B-46E9-A5CA-9216A192317B}"
EndProject
Project("{8BC9CEB8-8B4A-11D0-8D11-00A0C91BC942}") = "021", "021\021.vcxproj", "{F4D172BA-2A2A-4814-9FF1-6C850D6E643A}"
EndProject
Project("{8BC9CEB8-8B4A-11D0-8D11-00A0C91BC942}") = "022", "022\022.vcxproj", "{E847E419-D8DE-44A8-A016-9C09E18C59AC}"
EndProject
Project("{8BC9CEB8-8B4A-11D0-8D11-00A0C91BC942}") = "023", "023\023.vcxproj", "{581338D6-5BBB-4263-9309-2C6C491C2FC0}"
EndProject
Project("{8BC9CEB8-8B4A-11D0-8D11-00A0C91BC942}") = "024", "024\024.vcxproj", "{C896E422-EE4E-45D8-B202-71EB3010E934}"
EndProject
Project("{8BC9CEB8-8B4A-11D0-8D11-00A0C91BC942}") = "025", "025\025.vcxproj", "{28569D33-DADB-43B3-8A29-B8CCD67A6EAC}"
EndProject
Project("{8BC9CEB8-8B4A-11D0-8D11-00A0C91BC942}") = "026", "026\026.vcxproj", "{41F801BE-C628-4F6C-8FB8-B9D4F990E3E9}"
EndProject
Project("{8BC9CEB8-8B4A-11D0-8D11-00A0C91BC942}") = "027", "027\027.vcxproj", "{C375A023-CF2A-436E-91B3-793C46C6BADA}"
EndProject
Project("{8BC9CEB8-8B4A-11D0-8D11-00A0C91BC942}") = "028", "028\028.vcxproj", "{646EB491-764C-45D1-A9DF-DD2012D49D6A}"
EndProject
Project("{8BC9CEB8-8B4A-11D0-8D11-00A0C91BC942}") = "029", "029\029.vcxproj", "{05C40156-AB6F-4447-A35F-35700EB5072B}"
EndProject
Project("{8BC9CEB8-8B4A-11D0-8D11-00A0C91BC942}") = "030", "030\030.vcxproj", "{9FC39409-85CC-4B37-9026-754763145623}"
EndProject
Project("{8BC9CEB8-8B4A-11D0-8D11-00A0C91BC942}") = "031", "031\031.vcxproj", "{9A472A21-6A6E-47AB-9A0F-18AA77F327D1}"
EndProject
Project("{8BC9CEB8-8B4A-11D0-8D11-00A0C91BC942}") = "032", "032\032.vcxproj", "{CE2456A5-D7AD-4A17-A9FD-89EFAA321BAB}"
EndProject
Project("{8BC9CEB8-8B4A-11D0-8D11-00A0C91BC942}") = "033", "033\033.vcxproj", "{867393CC-7D17-46A6-B1F0-3D6DE3411C98}"
EndProject
Project("{8BC9CEB8-8B4A-11D0-8D11-00A0C91BC942}") = "034", "034\034.vcxproj", "{EA1E0196-D7EB-408A-890F-BA4318B948C8}"
EndProject
Project("{8BC9CEB8-8B4A-11D0-8D11-00A0C91BC942}") = "035", "035\035.vcxproj", "{BA148D2B-ECF7-4630-921F-E0A030275AEE}"
EndProject
Project("{8BC9CEB8-8B4A-11D0-8D11-00A0C91BC942}") = "036", "036\036.vcxproj", "{89D5AC58-F0B6-4CE9-9527-3B45A7A622A6}"
EndProject
Project("{8BC9CEB8-8B4A-11D0-8D11-00A0C91BC942}") = "037", "037\037.vcxproj", "{8D4CF584-62A0-4447-BB74-2D27EACF5F04}"
EndProject
Project("{8BC9CEB8-8B4A-11D0-8D11-00A0C91BC942}") = "038", "038\038.vcxproj", "{1FF6D2E5-536F-4D34-A844-0DF31C1B06CE}"
EndProject
Project("{8BC9CEB8-8B4A-11D0-8D11-00A0C91BC942}") = "039", "039\039.vcxproj", "{12E62734-0D7B-4AAF-8AE7-FC19A7496976}"
EndProject
Project("{8BC9CEB8-8B4A-11D0-8D11-00A0C91BC942}") = "040", "040\040.vcxproj", "{D6ED21F6-47A5-4552-BA37-ADE220732F70}"
EndProject
Project("{8BC9CEB8-8B4A-11D0-8D11-00A0C91BC942}") = "041", "041\041.vcxproj", "{28B2F040-F842-437C-B9FA-E4DD6DE66982}"
EndProject
Project("{8BC9CEB8-8B4A-11D0-8D11-00A0C91BC942}") = "042", "042\042.vcxproj", "{1405DF66-0FD9-4886-A524-B40A301CF947}"
EndProject
Project("{8BC9CEB8-8B4A-11D0-8D11-00A0C91BC942}") = "043", "043\043.vcxproj", "{68EBCF02-6FAC-4B6C-AB3B-0A0EE7E86DEA}"
EndProject
Project("{8BC9CEB8-8B4A-11D0-8D11-00A0C91BC942}") = "044", "044\044.vcxproj", "{33382A58-4D06-4D29-880E-5724877BE633}"
EndProject
Project("{8BC9CEB8-8B4A-11D0-8D11-00A0C91BC942}") = "045", "045\045.vcxproj", "{4CCB7384-7F90-4491-A538-C8B10A957B25}"
EndProject
Project("{8BC9CEB8-8B4A-11D0-8D11-00A0C91BC942}") = "046", "046\046.vcxproj", "{D56F6679-8052-41BE-9395-42A563E41BE3}"
EndProject
Project("{8BC9CEB8-8B4A-11D0-8D11-00A0C91BC942}") = "047", "047\047.vcxproj", "{1F103E20-03EB-4D44-BF83-85728DA23FC7}"
EndProject
Project("{8BC9CEB8-8B4A-11D0-8D11-00A0C91BC942}") = "048", "048\048.vcxproj", "{AA6FFACF-DA97-45F4-BCAD-59A6FB8A0A0A}"
EndProject
Project("{8BC9CEB8-8B4A-11D0-8D11-00A0C91BC942}") = "049", "049\049.vcxproj", "{A6B66CE3-DD54-4AC6-B7AE-4C90E7494A10}"
EndProject
Project("{8BC9CEB8-8B4A-11D0-8D11-00A0C91BC942}") = "050", "050\050.vcxproj", "{0B201A9E-9620-41BE-984C-675C0B38D0FE}"
EndProject
Project("{8BC9CEB8-8B4A-11D0-8D11-00A0C91BC942}") = "051", "051\051.vcxproj", "{A3F26AB7-E012-4444-BC76-D440CDF8C220}"
EndProject
Project("{8BC9CEB8-8B4A-11D0-8D11-00A0C91BC942}") = "052", "052\052.vcxproj", "{32E9A59F-41CC-4D64-8482-96C860875E93}"
EndProject
Project("{8BC9CEB8-8B4A-11D0-8D11-00A0C91BC942}") = "053", "053\053.vcxproj", "{634CA990-C627-4BF3-ACDC-A9EC0FC4737B}"
EndProject
Project("{8BC9CEB8-8B4A-11D0-8D11-00A0C91BC942}") = "054", "054\054.vcxproj", "{7B87B152-0BBF-4E1B-8D0A-558DDBBA5AC5}"
EndProject
Project("{8BC9CEB8-8B4A-11D0-8D11-00A0C91BC942}") = "055", "055\055.vcxproj", "{EA6AE9BC-8176-4957-A14B-23AA600196D8}"
EndProject
Project("{8BC9CEB8-8B4A-11D0-8D11-00A0C91BC942}") = "056", "056\056.vcxproj", "{7821B451-00FD-44CC-9A4A-C2DACDA429C0}"
EndProject
Project("{8BC9CEB8-8B4A-11D0-8D11-00A0C91BC942}") = "057", "057\057.vcxproj", "{19CF20EB-6563-4F7E-A8A1-E3FD186FA904}"
EndProject
Project("{8BC9CEB8-8B4A-11D0-8D11-00A0C91BC942}") = "058", "058\058.vcxproj", "{E67187AB-07F7-4BFF-A3CB-0A57FD2A4E04}"
EndProject
Project("{8BC9CEB8-8B4A-11D0-8D11-00A0C91BC942}") = "059", "059\059.vcxproj", "{74C9A3F7-62B1-4B64-AEAC-AE6F90495683}"
EndProject
Project("{8BC9CEB8-8B4A-11D0-8D11-00A0C91BC942}") = "060", "060\060.vcxproj", "{AD0D0602-4CD9-47EF-B1A0-6A8327FA50FF}"
EndProject
Project("{8BC9CEB8-8B4A-11D0-8D11-00A0C91BC942}") = "061", "061\061.vcxproj", "{3C9CCF88-32E7-4227-B527-AFB2EBE7B6BB}"
EndProject
Project("{8BC9CEB8-8B4A-11D0-8D11-00A0C91BC942}") = "062", "062\062.vcxproj", "{27A3D38E-8321-4DAF-9170-958D5131BF80}"
EndProject
Project("{8BC9CEB8-8B4A-11D0-8D11-00A0C91BC942}") = "063", "063\063.vcxproj", "{4E48E8E4-1E9A-42BA-AEF5-2EE9F48F2B3A}"
EndProject
Project("{8BC9CEB8-8B4A-11D0-8D11-00A0C91BC942}") = "065", "065\065.vcxproj", "{A9B86DEF-9241-4F60-8785-F66A1E6EF8F4}"
EndProject
Project("{8BC9CEB8-8B4A-11D0-8D11-00A0C91BC942}") = "064", "064\064.vcxproj", "{00259861-ADA3-4424-81D0-D0A51C02A103}"
EndProject
Project("{8BC9CEB8-8B4A-11D0-8D11-00A0C91BC942}") = "066", "066\066.vcxproj", "{44D8CFFD-E402-4B85-BD66-33A9631F59B8}"
EndProject
Project("{8BC9CEB8-8B4A-11D0-8D11-00A0C91BC942}") = "067", "067\067.vcxproj", "{6229114C-B969-49C7-8CFD-A80AE48E133B}"
EndProject
Project("{8BC9CEB8-8B4A-11D0-8D11-00A0C91BC942}") = "068", "068\068.vcxproj", "{EDF77EAD-C0A0-4289-A8DD-DB38D8DA2E2C}"
EndProject
Project("{8BC9CEB8-8B4A-11D0-8D11-00A0C91BC942}") = "069", "069\069.vcxproj", "{0F43A35D-9495-4035-BC16-6E71424AF96E}"
EndProject
Project("{8BC9CEB8-8B4A-11D0-8D11-00A0C91BC942}") = "070", "070\070.vcxproj", "{8A100692-4535-4C9A-949E-BB8D75001849}"
EndProject
Project("{8BC9CEB8-8B4A-11D0-8D11-00A0C91BC942}") = "071", "071\071.vcxproj", "{163ABCDD-16E4-4A1C-8697-F9AE74C4C5FD}"
EndProject
Project("{8BC9CEB8-8B4A-11D0-8D11-00A0C91BC942}") = "072", "072\072.vcxproj", "{2FF4E243-8181-4ED5-9708-6DCB80827EBB}"
EndProject
Project("{8BC9CEB8-8B4A-11D0-8D11-00A0C91BC942}") = "073", "073\073.vcxproj", "{F34B3E69-7388-4F6F-85EB-32478A43082A}"
EndProject
Project("{8BC9CEB8-8B4A-11D0-8D11-00A0C91BC942}") = "074", "074\074.vcxproj", "{73C64B21-C1E7-4A9B-9A00-4B169322DEB9}"
EndProject
Project("{8BC9CEB8-8B4A-11D0-8D11-00A0C91BC942}") = "075", "075\075.vcxproj", "{13ECEC08-17CA-4D80-BCF4-FA1E1BD89573}"
EndProject
Project("{8BC9CEB8-8B4A-11D0-8D11-00A0C91BC942}") = "076", "076\076.vcxproj", "{CF69E6FE-1E31-4630-A925-6AFC50FDC216}"
EndProject
Project("{8BC9CEB8-8B4A-11D0-8D11-00A0C91BC942}") = "077", "077\077.vcxproj", "{2935505A-5F26-4A33-B9C0-91ABA67C4CAE}"
EndProject
Project("{8BC9CEB8-8B4A-11D0-8D11-00A0C91BC942}") = "078", "078\078.vcxproj", "{249591DC-E019-4E8B-80B8-73F1B7573890}"
EndProject
Project("{8BC9CEB8-8B4A-11D0-8D11-00A0C91BC942}") = "079", "079\079.vcxproj", "{20D387B9-F5D3-4BF5-9E15-84602225626F}"
EndProject
Project("{8BC9CEB8-8B4A-11D0-8D11-00A0C91BC942}") = "080", "080\080.vcxproj", "{DED04136-0D21-4734-8A08-25B79F5C7E1D}"
EndProject
Project("{8BC9CEB8-8B4A-11D0-8D11-00A0C91BC942}") = "081", "081\081.vcxproj", "{FA69F1EA-6504-4D29-B6EF-1C90EEBFAD74}"
EndProject
Project("{8BC9CEB8-8B4A-11D0-8D11-00A0C91BC942}") = "082", "082\082.vcxproj", "{3327A121-7EF7-4175-A612-AA87456602F5}"
EndProject
Project("{8BC9CEB8-8B4A-11D0-8D11-00A0C91BC942}") = "083", "083\083.vcxproj", "{B8A5DACF-BC41-4253-A3DF-9EBC6339E1C9}"
EndProject
Project("{8BC9CEB8-8B4A-11D0-8D11-00A0C91BC942}") = "084", "084\084.vcxproj", "{41F24F8A-D007-41B9-9B91-F0B611A58A59}"
EndProject
Project("{8BC9CEB8-8B4A-11D0-8D11-00A0C91BC942}") = "085", "085\085.vcxproj", "{0DD2C026-CE8B-4D84-82C1-90A7DA76193C}"
EndProject
Project("{8BC9CEB8-8B4A-11D0-8D11-00A0C91BC942}") = "086", "086\086.vcxproj", "{A999A779-131F-4E81-8ADD-9C1E0A799B82}"
EndProject
Project("{8BC9CEB8-8B4A-11D0-8D11-00A0C91BC942}") = "087", "087\087.vcxproj", "{7B5760CB-B69A-4C13-95CE-E4EB15B42D3D}"
EndProject
Project("{8BC9CEB8-8B4A-11D0-8D11-00A0C91BC942}") = "088", "088\088.vcxproj", "{9ECA7024-43B8-465C-8DB1-ACA3255E628B}"
EndProject
Project("{8BC9CEB8-8B4A-11D0-8D11-00A0C91BC942}") = "089", "089\089.vcxproj", "{620B8D63-EADE-4413-9286-FFB66FAA9707}"
EndProject
Project("{8BC9CEB8-8B4A-11D0-8D11-00A0C91BC942}") = "090", "090\090.vcxproj", "{BE0F411D-286E-4546-A98A-8498D8859570}"
EndProject
Project("{8BC9CEB8-8B4A-11D0-8D11-00A0C91BC942}") = "091", "091\091.vcxproj", "{630182FC-FF51-435A-B4BC-9B3DBF729ECB}"
EndProject
Project("{8BC9CEB8-8B4A-11D0-8D11-00A0C91BC942}") = "092", "092\092.vcxproj", "{D1C85774-ABDE-4C33-AEC9-4A2A862DC965}"
EndProject
Project("{8BC9CEB8-8B4A-11D0-8D11-00A0C91BC942}") = "093", "093\093.vcxproj", "{BC96211C-E597-42BB-A71C-CC4C30EE7644}"
EndProject
Project("{8BC9CEB8-8B4A-11D0-8D11-00A0C91BC942}") = "094", "094\094.vcxproj", "{944568BC-369B-4944-A09D-F91DC716741C}"
EndProject
Project("{8BC9CEB8-8B4A-11D0-8D11-00A0C91BC942}") = "095", "095\095.vcxproj", "{FB1CAD64-423B-4671-885A-43DDEA3B9508}"
EndProject
Project("{8BC9CEB8-8B4A-11D0-8D11-00A0C91BC942}") = "096", "096\096.vcxproj", "{3818F585-46AF-4888-B965-5BDA6900594E}"
EndProject
Project("{8BC9CEB8-8B4A-11D0-8D11-00A0C91BC942}") = "097", "097\097.vcxproj", "{EF099E7C-5A5C-4EA0-A8A1-DDDBB1F34745}"
EndProject
Project("{8BC9CEB8-8B4A-11D0-8D11-00A0C91BC942}") = "098", "098\098.vcxproj", "{B2C8B6CD-407F-4064-A78D-238689F13A3C}"
EndProject
Project("{8BC9CEB8-8B4A-11D0-8D11-00A0C91BC942}") = "099", "099\099.vcxproj", "{D80B39C6-F4A3-4476-AA2B-92355B1A1529}"
EndProject
Project("{8BC9CEB8-8B4A-11D0-8D11-00A0C91BC942}") = "100", "100\100.vcxproj", "{C12EE1B4-1221-47A5-AFBA-DE2891DD7F38}"
EndProject
Project("{8BC9CEB8-8B4A-11D0-8D11-00A0C91BC942}") = "101", "101\101.vcxproj", "{88E58A4B-EAD6-4AD2-9F32-24AB0522F4A2}"
EndProject
Project("{8BC9CEB8-8B4A-11D0-8D11-00A0C91BC942}") = "102", "102\102.vcxproj", "{1E2A1481-D825-49DB-B346-9D756535F7F1}"
EndProject
Project("{8BC9CEB8-8B4A-11D0-8D11-00A0C91BC942}") = "103", "103\103.vcxproj", "{9C45106E-9EE2-447B-97D5-14F167EB6667}"
EndProject
Project("{8BC9CEB8-8B4A-11D0-8D11-00A0C91BC942}") = "104", "104\104.vcxproj", "{485C00F7-8DCD-4D92-8B73-E4E3A3DECF25}"
EndProject
Project("{8BC9CEB8-8B4A-11D0-8D11-00A0C91BC942}") = "105", "105\105.vcxproj", "{EB15CAE3-4D77-430B-8C33-8300B4189889}"
EndProject
Project("{8BC9CEB8-8B4A-11D0-8D11-00A0C91BC942}") = "106", "106\106.vcxproj", "{F7FF503D-26D6-4164-B6D3-52757971FE71}"
EndProject
Project("{8BC9CEB8-8B4A-11D0-8D11-00A0C91BC942}") = "107", "107\107.vcxproj", "{5952939B-056A-41BD-8BB9-93676379A9F8}"
EndProject
Project("{8BC9CEB8-8B4A-11D0-8D11-00A0C91BC942}") = "108", "108\108.vcxproj", "{65DCB31B-7C88-4B44-9A81-C36E3BDE016B}"
EndProject
Project("{8BC9CEB8-8B4A-11D0-8D11-00A0C91BC942}") = "109", "109\109.vcxproj", "{A8D4D793-4774-49C6-AB5E-D3818CE39736}"
EndProject
Project("{8BC9CEB8-8B4A-11D0-8D11-00A0C91BC942}") = "110", "110\110.vcxproj", "{70BE1B02-A330-4A72-8563-440F92B4D37A}"
EndProject
Project("{8BC9CEB8-8B4A-11D0-8D11-00A0C91BC942}") = "111", "111\111.vcxproj", "{25618120-A96C-4322-91C6-83581C6BAB4C}"
EndProject
Project("{8BC9CEB8-8B4A-11D0-8D11-00A0C91BC942}") = "112", "112\112.vcxproj", "{0E4B6688-D53E-4BBC-A3F5-152608BB05DC}"
EndProject
Project("{8BC9CEB8-8B4A-11D0-8D11-00A0C91BC942}") = "113", "113\113.vcxproj", "{8D339A7B-5C65-4EF7-B5C8-D0643291ADA3}"
EndProject
Project("{8BC9CEB8-8B4A-11D0-8D11-00A0C91BC942}") = "114", "114\114.vcxproj", "{2EFAAA40-6556-4DEA-95CD-9168797115AD}"
EndProject
Project("{8BC9CEB8-8B4A-11D0-8D11-00A0C91BC942}") = "115", "115\115.vcxproj", "{059949CA-8B32-48B0-8811-780F78AFE051}"
EndProject
Project("{8BC9CEB8-8B4A-11D0-8D11-00A0C91BC942}") = "116", "116\116.vcxproj", "{A7FAC9E5-1E95-48B8-AE5B-F334B8F8F1B4}"
EndProject
Global
	GlobalSection(SolutionConfigurationPlatforms) = preSolution
		Debug|x64 = Debug|x64
		Debug|x86 = Debug|x86
		Release|x64 = Release|x64
		Release|x86 = Release|x86
	EndGlobalSection
	GlobalSection(ProjectConfigurationPlatforms) = postSolution
		{F3D1BBB9-B36C-4316-92D1-3334BF4A7EAC}.Debug|x64.ActiveCfg = Debug|x64
		{F3D1BBB9-B36C-4316-92D1-3334BF4A7EAC}.Debug|x64.Build.0 = Debug|x64
		{F3D1BBB9-B36C-4316-92D1-3334BF4A7EAC}.Debug|x86.ActiveCfg = Debug|Win32
		{F3D1BBB9-B36C-4316-92D1-3334BF4A7EAC}.Debug|x86.Build.0 = Debug|Win32
		{F3D1BBB9-B36C-4316-92D1-3334BF4A7EAC}.Release|x64.ActiveCfg = Release|x64
		{F3D1BBB9-B36C-4316-92D1-3334BF4A7EAC}.Release|x64.Build.0 = Release|x64
		{F3D1BBB9-B36C-4316-92D1-3334BF4A7EAC}.Release|x86.ActiveCfg = Release|Win32
		{F3D1BBB9-B36C-4316-92D1-3334BF4A7EAC}.Release|x86.Build.0 = Release|Win32
		{7AE58C27-E376-4AFC-AFB2-CBC986976E43}.Debug|x64.ActiveCfg = Debug|x64
		{7AE58C27-E376-4AFC-AFB2-CBC986976E43}.Debug|x64.Build.0 = Debug|x64
		{7AE58C27-E376-4AFC-AFB2-CBC986976E43}.Debug|x86.ActiveCfg = Debug|Win32
		{7AE58C27-E376-4AFC-AFB2-CBC986976E43}.Debug|x86.Build.0 = Debug|Win32
		{7AE58C27-E376-4AFC-AFB2-CBC986976E43}.Release|x64.ActiveCfg = Release|x64
		{7AE58C27-E376-4AFC-AFB2-CBC986976E43}.Release|x64.Build.0 = Release|x64
		{7AE58C27-E376-4AFC-AFB2-CBC986976E43}.Release|x86.ActiveCfg = Release|Win32
		{7AE58C27-E376-4AFC-AFB2-CBC986976E43}.Release|x86.Build.0 = Release|Win32
		{CDF3E3E4-B389-4118-9B03-13D28901C9D4}.Debug|x64.ActiveCfg = Debug|x64
		{CDF3E3E4-B389-4118-9B03-13D28901C9D4}.Debug|x64.Build.0 = Debug|x64
		{CDF3E3E4-B389-4118-9B03-13D28901C9D4}.Debug|x86.ActiveCfg = Debug|Win32
		{CDF3E3E4-B389-4118-9B03-13D28901C9D4}.Debug|x86.Build.0 = Debug|Win32
		{CDF3E3E4-B389-4118-9B03-13D28901C9D4}.Release|x64.ActiveCfg = Release|x64
		{CDF3E3E4-B389-4118-9B03-13D28901C9D4}.Release|x64.Build.0 = Release|x64
		{CDF3E3E4-B389-4118-9B03-13D28901C9D4}.Release|x86.ActiveCfg = Release|Win32
		{CDF3E3E4-B389-4118-9B03-13D28901C9D4}.Release|x86.Build.0 = Release|Win32
		{DD0ED187-6D8B-4D99-A11D-28F33D9E36A9}.Debug|x64.ActiveCfg = Debug|x64
		{DD0ED187-6D8B-4D99-A11D-28F33D9E36A9}.Debug|x64.Build.0 = Debug|x64
		{DD0ED187-6D8B-4D99-A11D-28F33D9E36A9}.Debug|x86.ActiveCfg = Debug|Win32
		{DD0ED187-6D8B-4D99-A11D-28F33D9E36A9}.Debug|x86.Build.0 = Debug|Win32
		{DD0ED187-6D8B-4D99-A11D-28F33D9E36A9}.Release|x64.ActiveCfg = Release|x64
		{DD0ED187-6D8B-4D99-A11D-28F33D9E36A9}.Release|x64.Build.0 = Release|x64
		{DD0ED187-6D8B-4D99-A11D-28F33D9E36A9}.Release|x86.ActiveCfg = Release|Win32
		{DD0ED187-6D8B-4D99-A11D-28F33D9E36A9}.Release|x86.Build.0 = Release|Win32
		{D9866139-9AD7-4D88-9D93-7942FFE08C00}.Debug|x64.ActiveCfg = Debug|x64
		{D9866139-9AD7-4D88-9D93-7942FFE08C00}.Debug|x64.Build.0 = Debug|x64
		{D9866139-9AD7-4D88-9D93-7942FFE08C00}.Debug|x86.ActiveCfg = Debug|Win32
		{D9866139-9AD7-4D88-9D93-7942FFE08C00}.Debug|x86.Build.0 = Debug|Win32
		{D9866139-9AD7-4D88-9D93-7942FFE08C00}.Release|x64.ActiveCfg = Release|x64
		{D9866139-9AD7-4D88-9D93-7942FFE08C00}.Release|x64.Build.0 = Release|x64
		{D9866139-9AD7-4D88-9D93-7942FFE08C00}.Release|x86.ActiveCfg = Release|Win32
		{D9866139-9AD7-4D88-9D93-7942FFE08C00}.Release|x86.Build.0 = Release|Win32
		{C733B1A3-34A4-485B-B742-A6DDA4D5BE4E}.Debug|x64.ActiveCfg = Debug|x64
		{C733B1A3-34A4-485B-B742-A6DDA4D5BE4E}.Debug|x64.Build.0 = Debug|x64
		{C733B1A3-34A4-485B-B742-A6DDA4D5BE4E}.Debug|x86.ActiveCfg = Debug|Win32
		{C733B1A3-34A4-485B-B742-A6DDA4D5BE4E}.Debug|x86.Build.0 = Debug|Win32
		{C733B1A3-34A4-485B-B742-A6DDA4D5BE4E}.Release|x64.ActiveCfg = Release|x64
		{C733B1A3-34A4-485B-B742-A6DDA4D5BE4E}.Release|x64.Build.0 = Release|x64
		{C733B1A3-34A4-485B-B742-A6DDA4D5BE4E}.Release|x86.ActiveCfg = Release|Win32
		{C733B1A3-34A4-485B-B742-A6DDA4D5BE4E}.Release|x86.Build.0 = Release|Win32
		{8CE79505-66A2-4166-928C-660539F675CF}.Debug|x64.ActiveCfg = Debug|x64
		{8CE79505-66A2-4166-928C-660539F675CF}.Debug|x64.Build.0 = Debug|x64
		{8CE79505-66A2-4166-928C-660539F675CF}.Debug|x86.ActiveCfg = Debug|Win32
		{8CE79505-66A2-4166-928C-660539F675CF}.Debug|x86.Build.0 = Debug|Win32
		{8CE79505-66A2-4166-928C-660539F675CF}.Release|x64.ActiveCfg = Release|x64
		{8CE79505-66A2-4166-928C-660539F675CF}.Release|x64.Build.0 = Release|x64
		{8CE79505-66A2-4166-928C-660539F675CF}.Release|x86.ActiveCfg = Release|Win32
		{8CE79505-66A2-4166-928C-660539F675CF}.Release|x86.Build.0 = Release|Win32
		{E6613F7E-4C83-4EB9-B205-F67042F92518}.Debug|x64.ActiveCfg = Debug|x64
		{E6613F7E-4C83-4EB9-B205-F67042F92518}.Debug|x64.Build.0 = Debug|x64
		{E6613F7E-4C83-4EB9-B205-F67042F92518}.Debug|x86.ActiveCfg = Debug|Win32
		{E6613F7E-4C83-4EB9-B205-F67042F92518}.Debug|x86.Build.0 = Debug|Win32
		{E6613F7E-4C83-4EB9-B205-F67042F92518}.Release|x64.ActiveCfg = Release|x64
		{E6613F7E-4C83-4EB9-B205-F67042F92518}.Release|x64.Build.0 = Release|x64
		{E6613F7E-4C83-4EB9-B205-F67042F92518}.Release|x86.ActiveCfg = Release|Win32
		{E6613F7E-4C83-4EB9-B205-F67042F92518}.Release|x86.Build.0 = Release|Win32
		{F966C8F2-FA1A-4A4D-A191-6F909961EF4D}.Debug|x64.ActiveCfg = Debug|x64
		{F966C8F2-FA1A-4A4D-A191-6F909961EF4D}.Debug|x64.Build.0 = Debug|x64
		{F966C8F2-FA1A-4A4D-A191-6F909961EF4D}.Debug|x86.ActiveCfg = Debug|Win32
		{F966C8F2-FA1A-4A4D-A191-6F909961EF4D}.Debug|x86.Build.0 = Debug|Win32
		{F966C8F2-FA1A-4A4D-A191-6F909961EF4D}.Release|x64.ActiveCfg = Release|x64
		{F966C8F2-FA1A-4A4D-A191-6F909961EF4D}.Release|x64.Build.0 = Release|x64
		{F966C8F2-FA1A-4A4D-A191-6F909961EF4D}.Release|x86.ActiveCfg = Release|Win32
		{F966C8F2-FA1A-4A4D-A191-6F909961EF4D}.Release|x86.Build.0 = Release|Win32
		{D979AEC7-4DDA-4CB2-AEAD-C8068659CB7A}.Debug|x64.ActiveCfg = Debug|x64
		{D979AEC7-4DDA-4CB2-AEAD-C8068659CB7A}.Debug|x64.Build.0 = Debug|x64
		{D979AEC7-4DDA-4CB2-AEAD-C8068659CB7A}.Debug|x86.ActiveCfg = Debug|Win32
		{D979AEC7-4DDA-4CB2-AEAD-C8068659CB7A}.Debug|x86.Build.0 = Debug|Win32
		{D979AEC7-4DDA-4CB2-AEAD-C8068659CB7A}.Release|x64.ActiveCfg = Release|x64
		{D979AEC7-4DDA-4CB2-AEAD-C8068659CB7A}.Release|x64.Build.0 = Release|x64
		{D979AEC7-4DDA-4CB2-AEAD-C8068659CB7A}.Release|x86.ActiveCfg = Release|Win32
		{D979AEC7-4DDA-4CB2-AEAD-C8068659CB7A}.Release|x86.Build.0 = Release|Win32
		{A7C4EDD8-F991-4F3D-91CB-61A4584365FC}.Debug|x64.ActiveCfg = Debug|x64
		{A7C4EDD8-F991-4F3D-91CB-61A4584365FC}.Debug|x64.Build.0 = Debug|x64
		{A7C4EDD8-F991-4F3D-91CB-61A4584365FC}.Debug|x86.ActiveCfg = Debug|Win32
		{A7C4EDD8-F991-4F3D-91CB-61A4584365FC}.Debug|x86.Build.0 = Debug|Win32
		{A7C4EDD8-F991-4F3D-91CB-61A4584365FC}.Release|x64.ActiveCfg = Release|x64
		{A7C4EDD8-F991-4F3D-91CB-61A4584365FC}.Release|x64.Build.0 = Release|x64
		{A7C4EDD8-F991-4F3D-91CB-61A4584365FC}.Release|x86.ActiveCfg = Release|Win32
		{A7C4EDD8-F991-4F3D-91CB-61A4584365FC}.Release|x86.Build.0 = Release|Win32
		{2D3E7D7F-34BB-4029-A357-FEA01336E5A4}.Debug|x64.ActiveCfg = Debug|x64
		{2D3E7D7F-34BB-4029-A357-FEA01336E5A4}.Debug|x64.Build.0 = Debug|x64
		{2D3E7D7F-34BB-4029-A357-FEA01336E5A4}.Debug|x86.ActiveCfg = Debug|Win32
		{2D3E7D7F-34BB-4029-A357-FEA01336E5A4}.Debug|x86.Build.0 = Debug|Win32
		{2D3E7D7F-34BB-4029-A357-FEA01336E5A4}.Release|x64.ActiveCfg = Release|x64
		{2D3E7D7F-34BB-4029-A357-FEA01336E5A4}.Release|x64.Build.0 = Release|x64
		{2D3E7D7F-34BB-4029-A357-FEA01336E5A4}.Release|x86.ActiveCfg = Release|Win32
		{2D3E7D7F-34BB-4029-A357-FEA01336E5A4}.Release|x86.Build.0 = Release|Win32
		{24F32EDC-EF19-4F2F-B9D3-901708DA8599}.Debug|x64.ActiveCfg = Debug|x64
		{24F32EDC-EF19-4F2F-B9D3-901708DA8599}.Debug|x64.Build.0 = Debug|x64
		{24F32EDC-EF19-4F2F-B9D3-901708DA8599}.Debug|x86.ActiveCfg = Debug|Win32
		{24F32EDC-EF19-4F2F-B9D3-901708DA8599}.Debug|x86.Build.0 = Debug|Win32
		{24F32EDC-EF19-4F2F-B9D3-901708DA8599}.Release|x64.ActiveCfg = Release|x64
		{24F32EDC-EF19-4F2F-B9D3-901708DA8599}.Release|x64.Build.0 = Release|x64
		{24F32EDC-EF19-4F2F-B9D3-901708DA8599}.Release|x86.ActiveCfg = Release|Win32
		{24F32EDC-EF19-4F2F-B9D3-901708DA8599}.Release|x86.Build.0 = Release|Win32
		{E4DDB4EF-9D37-48DF-A189-5026030DEE30}.Debug|x64.ActiveCfg = Debug|x64
		{E4DDB4EF-9D37-48DF-A189-5026030DEE30}.Debug|x64.Build.0 = Debug|x64
		{E4DDB4EF-9D37-48DF-A189-5026030DEE30}.Debug|x86.ActiveCfg = Debug|Win32
		{E4DDB4EF-9D37-48DF-A189-5026030DEE30}.Debug|x86.Build.0 = Debug|Win32
		{E4DDB4EF-9D37-48DF-A189-5026030DEE30}.Release|x64.ActiveCfg = Release|x64
		{E4DDB4EF-9D37-48DF-A189-5026030DEE30}.Release|x64.Build.0 = Release|x64
		{E4DDB4EF-9D37-48DF-A189-5026030DEE30}.Release|x86.ActiveCfg = Release|Win32
		{E4DDB4EF-9D37-48DF-A189-5026030DEE30}.Release|x86.Build.0 = Release|Win32
		{C807C334-DE0E-45D4-9B51-1522042CC766}.Debug|x64.ActiveCfg = Debug|x64
		{C807C334-DE0E-45D4-9B51-1522042CC766}.Debug|x64.Build.0 = Debug|x64
		{C807C334-DE0E-45D4-9B51-1522042CC766}.Debug|x86.ActiveCfg = Debug|Win32
		{C807C334-DE0E-45D4-9B51-1522042CC766}.Debug|x86.Build.0 = Debug|Win32
		{C807C334-DE0E-45D4-9B51-1522042CC766}.Release|x64.ActiveCfg = Release|x64
		{C807C334-DE0E-45D4-9B51-1522042CC766}.Release|x64.Build.0 = Release|x64
		{C807C334-DE0E-45D4-9B51-1522042CC766}.Release|x86.ActiveCfg = Release|Win32
		{C807C334-DE0E-45D4-9B51-1522042CC766}.Release|x86.Build.0 = Release|Win32
		{43D548D6-D435-4EDF-A9CD-B40DB8D5BBC4}.Debug|x64.ActiveCfg = Debug|x64
		{43D548D6-D435-4EDF-A9CD-B40DB8D5BBC4}.Debug|x64.Build.0 = Debug|x64
		{43D548D6-D435-4EDF-A9CD-B40DB8D5BBC4}.Debug|x86.ActiveCfg = Debug|Win32
		{43D548D6-D435-4EDF-A9CD-B40DB8D5BBC4}.Debug|x86.Build.0 = Debug|Win32
		{43D548D6-D435-4EDF-A9CD-B40DB8D5BBC4}.Release|x64.ActiveCfg = Release|x64
		{43D548D6-D435-4EDF-A9CD-B40DB8D5BBC4}.Release|x64.Build.0 = Release|x64
		{43D548D6-D435-4EDF-A9CD-B40DB8D5BBC4}.Release|x86.ActiveCfg = Release|Win32
		{43D548D6-D435-4EDF-A9CD-B40DB8D5BBC4}.Release|x86.Build.0 = Release|Win32
		{05B8CFCE-DA8A-4661-92AC-2EACB07DF189}.Debug|x64.ActiveCfg = Debug|x64
		{05B8CFCE-DA8A-4661-92AC-2EACB07DF189}.Debug|x64.Build.0 = Debug|x64
		{05B8CFCE-DA8A-4661-92AC-2EACB07DF189}.Debug|x86.ActiveCfg = Debug|Win32
		{05B8CFCE-DA8A-4661-92AC-2EACB07DF189}.Debug|x86.Build.0 = Debug|Win32
		{05B8CFCE-DA8A-4661-92AC-2EACB07DF189}.Release|x64.ActiveCfg = Release|x64
		{05B8CFCE-DA8A-4661-92AC-2EACB07DF189}.Release|x64.Build.0 = Release|x64
		{05B8CFCE-DA8A-4661-92AC-2EACB07DF189}.Release|x86.ActiveCfg = Release|Win32
		{05B8CFCE-DA8A-4661-92AC-2EACB07DF189}.Release|x86.Build.0 = Release|Win32
		{4F9FD80E-E0CB-436B-9126-F8FAF15E7611}.Debug|x64.ActiveCfg = Debug|x64
		{4F9FD80E-E0CB-436B-9126-F8FAF15E7611}.Debug|x64.Build.0 = Debug|x64
		{4F9FD80E-E0CB-436B-9126-F8FAF15E7611}.Debug|x86.ActiveCfg = Debug|Win32
		{4F9FD80E-E0CB-436B-9126-F8FAF15E7611}.Debug|x86.Build.0 = Debug|Win32
		{4F9FD80E-E0CB-436B-9126-F8FAF15E7611}.Release|x64.ActiveCfg = Release|x64
		{4F9FD80E-E0CB-436B-9126-F8FAF15E7611}.Release|x64.Build.0 = Release|x64
		{4F9FD80E-E0CB-436B-9126-F8FAF15E7611}.Release|x86.ActiveCfg = Release|Win32
		{4F9FD80E-E0CB-436B-9126-F8FAF15E7611}.Release|x86.Build.0 = Release|Win32
		{E99EE9B2-5214-47A1-92DA-7DF13C8BDD91}.Debug|x64.ActiveCfg = Debug|x64
		{E99EE9B2-5214-47A1-92DA-7DF13C8BDD91}.Debug|x64.Build.0 = Debug|x64
		{E99EE9B2-5214-47A1-92DA-7DF13C8BDD91}.Debug|x86.ActiveCfg = Debug|Win32
		{E99EE9B2-5214-47A1-92DA-7DF13C8BDD91}.Debug|x86.Build.0 = Debug|Win32
		{E99EE9B2-5214-47A1-92DA-7DF13C8BDD91}.Release|x64.ActiveCfg = Release|x64
		{E99EE9B2-5214-47A1-92DA-7DF13C8BDD91}.Release|x64.Build.0 = Release|x64
		{E99EE9B2-5214-47A1-92DA-7DF13C8BDD91}.Release|x86.ActiveCfg = Release|Win32
		{E99EE9B2-5214-47A1-92DA-7DF13C8BDD91}.Release|x86.Build.0 = Release|Win32
		{9BBE1542-439B-46E9-A5CA-9216A192317B}.Debug|x64.ActiveCfg = Debug|x64
		{9BBE1542-439B-46E9-A5CA-9216A192317B}.Debug|x64.Build.0 = Debug|x64
		{9BBE1542-439B-46E9-A5CA-9216A192317B}.Debug|x86.ActiveCfg = Debug|Win32
		{9BBE1542-439B-46E9-A5CA-9216A192317B}.Debug|x86.Build.0 = Debug|Win32
		{9BBE1542-439B-46E9-A5CA-9216A192317B}.Release|x64.ActiveCfg = Release|x64
		{9BBE1542-439B-46E9-A5CA-9216A192317B}.Release|x64.Build.0 = Release|x64
		{9BBE1542-439B-46E9-A5CA-9216A192317B}.Release|x86.ActiveCfg = Release|Win32
		{9BBE1542-439B-46E9-A5CA-9216A192317B}.Release|x86.Build.0 = Release|Win32
		{F4D172BA-2A2A-4814-9FF1-6C850D6E643A}.Debug|x64.ActiveCfg = Debug|x64
		{F4D172BA-2A2A-4814-9FF1-6C850D6E643A}.Debug|x64.Build.0 = Debug|x64
		{F4D172BA-2A2A-4814-9FF1-6C850D6E643A}.Debug|x86.ActiveCfg = Debug|Win32
		{F4D172BA-2A2A-4814-9FF1-6C850D6E643A}.Debug|x86.Build.0 = Debug|Win32
		{F4D172BA-2A2A-4814-9FF1-6C850D6E643A}.Release|x64.ActiveCfg = Release|x64
		{F4D172BA-2A2A-4814-9FF1-6C850D6E643A}.Release|x64.Build.0 = Release|x64
		{F4D172BA-2A2A-4814-9FF1-6C850D6E643A}.Release|x86.ActiveCfg = Release|Win32
		{F4D172BA-2A2A-4814-9FF1-6C850D6E643A}.Release|x86.Build.0 = Release|Win32
		{E847E419-D8DE-44A8-A016-9C09E18C59AC}.Debug|x64.ActiveCfg = Debug|x64
		{E847E419-D8DE-44A8-A016-9C09E18C59AC}.Debug|x64.Build.0 = Debug|x64
		{E847E419-D8DE-44A8-A016-9C09E18C59AC}.Debug|x86.ActiveCfg = Debug|Win32
		{E847E419-D8DE-44A8-A016-9C09E18C59AC}.Debug|x86.Build.0 = Debug|Win32
		{E847E419-D8DE-44A8-A016-9C09E18C59AC}.Release|x64.ActiveCfg = Release|x64
		{E847E419-D8DE-44A8-A016-9C09E18C59AC}.Release|x64.Build.0 = Release|x64
		{E847E419-D8DE-44A8-A016-9C09E18C59AC}.Release|x86.ActiveCfg = Release|Win32
		{E847E419-D8DE-44A8-A016-9C09E18C59AC}.Release|x86.Build.0 = Release|Win32
		{581338D6-5BBB-4263-9309-2C6C491C2FC0}.Debug|x64.ActiveCfg = Debug|x64
		{581338D6-5BBB-4263-9309-2C6C491C2FC0}.Debug|x64.Build.0 = Debug|x64
		{581338D6-5BBB-4263-9309-2C6C491C2FC0}.Debug|x86.ActiveCfg = Debug|Win32
		{581338D6-5BBB-4263-9309-2C6C491C2FC0}.Debug|x86.Build.0 = Debug|Win32
		{581338D6-5BBB-4263-9309-2C6C491C2FC0}.Release|x64.ActiveCfg = Release|x64
		{581338D6-5BBB-4263-9309-2C6C491C2FC0}.Release|x64.Build.0 = Release|x64
		{581338D6-5BBB-4263-9309-2C6C491C2FC0}.Release|x86.ActiveCfg = Release|Win32
		{581338D6-5BBB-4263-9309-2C6C491C2FC0}.Release|x86.Build.0 = Release|Win32
		{C896E422-EE4E-45D8-B202-71EB3010E934}.Debug|x64.ActiveCfg = Debug|x64
		{C896E422-EE4E-45D8-B202-71EB3010E934}.Debug|x64.Build.0 = Debug|x64
		{C896E422-EE4E-45D8-B202-71EB3010E934}.Debug|x86.ActiveCfg = Debug|Win32
		{C896E422-EE4E-45D8-B202-71EB3010E934}.Debug|x86.Build.0 = Debug|Win32
		{C896E422-EE4E-45D8-B202-71EB3010E934}.Release|x64.ActiveCfg = Release|x64
		{C896E422-EE4E-45D8-B202-71EB3010E934}.Release|x64.Build.0 = Release|x64
		{C896E422-EE4E-45D8-B202-71EB3010E934}.Release|x86.ActiveCfg = Release|Win32
		{C896E422-EE4E-45D8-B202-71EB3010E934}.Release|x86.Build.0 = Release|Win32
		{28569D33-DADB-43B3-8A29-B8CCD67A6EAC}.Debug|x64.ActiveCfg = Debug|x64
		{28569D33-DADB-43B3-8A29-B8CCD67A6EAC}.Debug|x64.Build.0 = Debug|x64
		{28569D33-DADB-43B3-8A29-B8CCD67A6EAC}.Debug|x86.ActiveCfg = Debug|Win32
		{28569D33-DADB-43B3-8A29-B8CCD67A6EAC}.Debug|x86.Build.0 = Debug|Win32
		{28569D33-DADB-43B3-8A29-B8CCD67A6EAC}.Release|x64.ActiveCfg = Release|x64
		{28569D33-DADB-43B3-8A29-B8CCD67A6EAC}.Release|x64.Build.0 = Release|x64
		{28569D33-DADB-43B3-8A29-B8CCD67A6EAC}.Release|x86.ActiveCfg = Release|Win32
		{28569D33-DADB-43B3-8A29-B8CCD67A6EAC}.Release|x86.Build.0 = Release|Win32
		{41F801BE-C628-4F6C-8FB8-B9D4F990E3E9}.Debug|x64.ActiveCfg = Debug|x64
		{41F801BE-C628-4F6C-8FB8-B9D4F990E3E9}.Debug|x64.Build.0 = Debug|x64
		{41F801BE-C628-4F6C-8FB8-B9D4F990E3E9}.Debug|x86.ActiveCfg = Debug|Win32
		{41F801BE-C628-4F6C-8FB8-B9D4F990E3E9}.Debug|x86.Build.0 = Debug|Win32
		{41F801BE-C628-4F6C-8FB8-B9D4F990E3E9}.Release|x64.ActiveCfg = Release|x64
		{41F801BE-C628-4F6C-8FB8-B9D4F990E3E9}.Release|x64.Build.0 = Release|x64
		{41F801BE-C628-4F6C-8FB8-B9D4F990E3E9}.Release|x86.ActiveCfg = Release|Win32
		{41F801BE-C628-4F6C-8FB8-B9D4F990E3E9}.Release|x86.Build.0 = Release|Win32
		{C375A023-CF2A-436E-91B3-793C46C6BADA}.Debug|x64.ActiveCfg = Debug|x64
		{C375A023-CF2A-436E-91B3-793C46C6BADA}.Debug|x64.Build.0 = Debug|x64
		{C375A023-CF2A-436E-91B3-793C46C6BADA}.Debug|x86.ActiveCfg = Debug|Win32
		{C375A023-CF2A-436E-91B3-793C46C6BADA}.Debug|x86.Build.0 = Debug|Win32
		{C375A023-CF2A-436E-91B3-793C46C6BADA}.Release|x64.ActiveCfg = Release|x64
		{C375A023-CF2A-436E-91B3-793C46C6BADA}.Release|x64.Build.0 = Release|x64
		{C375A023-CF2A-436E-91B3-793C46C6BADA}.Release|x86.ActiveCfg = Release|Win32
		{C375A023-CF2A-436E-91B3-793C46C6BADA}.Release|x86.Build.0 = Release|Win32
		{646EB491-764C-45D1-A9DF-DD2012D49D6A}.Debug|x64.ActiveCfg = Debug|x64
		{646EB491-764C-45D1-A9DF-DD2012D49D6A}.Debug|x64.Build.0 = Debug|x64
		{646EB491-764C-45D1-A9DF-DD2012D49D6A}.Debug|x86.ActiveCfg = Debug|Win32
		{646EB491-764C-45D1-A9DF-DD2012D49D6A}.Debug|x86.Build.0 = Debug|Win32
		{646EB491-764C-45D1-A9DF-DD2012D49D6A}.Release|x64.ActiveCfg = Release|x64
		{646EB491-764C-45D1-A9DF-DD2012D49D6A}.Release|x64.Build.0 = Release|x64
		{646EB491-764C-45D1-A9DF-DD2012D49D6A}.Release|x86.ActiveCfg = Release|Win32
		{646EB491-764C-45D1-A9DF-DD2012D49D6A}.Release|x86.Build.0 = Release|Win32
		{05C40156-AB6F-4447-A35F-35700EB5072B}.Debug|x64.ActiveCfg = Debug|x64
		{05C40156-AB6F-4447-A35F-35700EB5072B}.Debug|x64.Build.0 = Debug|x64
		{05C40156-AB6F-4447-A35F-35700EB5072B}.Debug|x86.ActiveCfg = Debug|Win32
		{05C40156-AB6F-4447-A35F-35700EB5072B}.Debug|x86.Build.0 = Debug|Win32
		{05C40156-AB6F-4447-A35F-35700EB5072B}.Release|x64.ActiveCfg = Release|x64
		{05C40156-AB6F-4447-A35F-35700EB5072B}.Release|x64.Build.0 = Release|x64
		{05C40156-AB6F-4447-A35F-35700EB5072B}.Release|x86.ActiveCfg = Release|Win32
		{05C40156-AB6F-4447-A35F-35700EB5072B}.Release|x86.Build.0 = Release|Win32
		{9FC39409-85CC-4B37-9026-754763145623}.Debug|x64.ActiveCfg = Debug|x64
		{9FC39409-85CC-4B37-9026-754763145623}.Debug|x64.Build.0 = Debug|x64
		{9FC39409-85CC-4B37-9026-754763145623}.Debug|x86.ActiveCfg = Debug|Win32
		{9FC39409-85CC-4B37-9026-754763145623}.Debug|x86.Build.0 = Debug|Win32
		{9FC39409-85CC-4B37-9026-754763145623}.Release|x64.ActiveCfg = Release|x64
		{9FC39409-85CC-4B37-9026-754763145623}.Release|x64.Build.0 = Release|x64
		{9FC39409-85CC-4B37-9026-754763145623}.Release|x86.ActiveCfg = Release|Win32
		{9FC39409-85CC-4B37-9026-754763145623}.Release|x86.Build.0 = Release|Win32
		{9A472A21-6A6E-47AB-9A0F-18AA77F327D1}.Debug|x64.ActiveCfg = Debug|x64
		{9A472A21-6A6E-47AB-9A0F-18AA77F327D1}.Debug|x64.Build.0 = Debug|x64
		{9A472A21-6A6E-47AB-9A0F-18AA77F327D1}.Debug|x86.ActiveCfg = Debug|Win32
		{9A472A21-6A6E-47AB-9A0F-18AA77F327D1}.Debug|x86.Build.0 = Debug|Win32
		{9A472A21-6A6E-47AB-9A0F-18AA77F327D1}.Release|x64.ActiveCfg = Release|x64
		{9A472A21-6A6E-47AB-9A0F-18AA77F327D1}.Release|x64.Build.0 = Release|x64
		{9A472A21-6A6E-47AB-9A0F-18AA77F327D1}.Release|x86.ActiveCfg = Release|Win32
		{9A472A21-6A6E-47AB-9A0F-18AA77F327D1}.Release|x86.Build.0 = Release|Win32
		{CE2456A5-D7AD-4A17-A9FD-89EFAA321BAB}.Debug|x64.ActiveCfg = Debug|x64
		{CE2456A5-D7AD-4A17-A9FD-89EFAA321BAB}.Debug|x64.Build.0 = Debug|x64
		{CE2456A5-D7AD-4A17-A9FD-89EFAA321BAB}.Debug|x86.ActiveCfg = Debug|Win32
		{CE2456A5-D7AD-4A17-A9FD-89EFAA321BAB}.Debug|x86.Build.0 = Debug|Win32
		{CE2456A5-D7AD-4A17-A9FD-89EFAA321BAB}.Release|x64.ActiveCfg = Release|x64
		{CE2456A5-D7AD-4A17-A9FD-89EFAA321BAB}.Release|x64.Build.0 = Release|x64
		{CE2456A5-D7AD-4A17-A9FD-89EFAA321BAB}.Release|x86.ActiveCfg = Release|Win32
		{CE2456A5-D7AD-4A17-A9FD-89EFAA321BAB}.Release|x86.Build.0 = Release|Win32
		{867393CC-7D17-46A6-B1F0-3D6DE3411C98}.Debug|x64.ActiveCfg = Debug|x64
		{867393CC-7D17-46A6-B1F0-3D6DE3411C98}.Debug|x64.Build.0 = Debug|x64
		{867393CC-7D17-46A6-B1F0-3D6DE3411C98}.Debug|x86.ActiveCfg = Debug|Win32
		{867393CC-7D17-46A6-B1F0-3D6DE3411C98}.Debug|x86.Build.0 = Debug|Win32
		{867393CC-7D17-46A6-B1F0-3D6DE3411C98}.Release|x64.ActiveCfg = Release|x64
		{867393CC-7D17-46A6-B1F0-3D6DE3411C98}.Release|x64.Build.0 = Release|x64
		{867393CC-7D17-46A6-B1F0-3D6DE3411C98}.Release|x86.ActiveCfg = Release|Win32
		{867393CC-7D17-46A6-B1F0-3D6DE3411C98}.Release|x86.Build.0 = Release|Win32
		{EA1E0196-D7EB-408A-890F-BA4318B948C8}.Debug|x64.ActiveCfg = Debug|x64
		{EA1E0196-D7EB-408A-890F-BA4318B948C8}.Debug|x64.Build.0 = Debug|x64
		{EA1E0196-D7EB-408A-890F-BA4318B948C8}.Debug|x86.ActiveCfg = Debug|Win32
		{EA1E0196-D7EB-408A-890F-BA4318B948C8}.Debug|x86.Build.0 = Debug|Win32
		{EA1E0196-D7EB-408A-890F-BA4318B948C8}.Release|x64.ActiveCfg = Release|x64
		{EA1E0196-D7EB-408A-890F-BA4318B948C8}.Release|x64.Build.0 = Release|x64
		{EA1E0196-D7EB-408A-890F-BA4318B948C8}.Release|x86.ActiveCfg = Release|Win32
		{EA1E0196-D7EB-408A-890F-BA4318B948C8}.Release|x86.Build.0 = Release|Win32
		{BA148D2B-ECF7-4630-921F-E0A030275AEE}.Debug|x64.ActiveCfg = Debug|x64
		{BA148D2B-ECF7-4630-921F-E0A030275AEE}.Debug|x64.Build.0 = Debug|x64
		{BA148D2B-ECF7-4630-921F-E0A030275AEE}.Debug|x86.ActiveCfg = Debug|Win32
		{BA148D2B-ECF7-4630-921F-E0A030275AEE}.Debug|x86.Build.0 = Debug|Win32
		{BA148D2B-ECF7-4630-921F-E0A030275AEE}.Release|x64.ActiveCfg = Release|x64
		{BA148D2B-ECF7-4630-921F-E0A030275AEE}.Release|x64.Build.0 = Release|x64
		{BA148D2B-ECF7-4630-921F-E0A030275AEE}.Release|x86.ActiveCfg = Release|Win32
		{BA148D2B-ECF7-4630-921F-E0A030275AEE}.Release|x86.Build.0 = Release|Win32
		{89D5AC58-F0B6-4CE9-9527-3B45A7A622A6}.Debug|x64.ActiveCfg = Debug|x64
		{89D5AC58-F0B6-4CE9-9527-3B45A7A622A6}.Debug|x64.Build.0 = Debug|x64
		{89D5AC58-F0B6-4CE9-9527-3B45A7A622A6}.Debug|x86.ActiveCfg = Debug|Win32
		{89D5AC58-F0B6-4CE9-9527-3B45A7A622A6}.Debug|x86.Build.0 = Debug|Win32
		{89D5AC58-F0B6-4CE9-9527-3B45A7A622A6}.Release|x64.ActiveCfg = Release|x64
		{89D5AC58-F0B6-4CE9-9527-3B45A7A622A6}.Release|x64.Build.0 = Release|x64
		{89D5AC58-F0B6-4CE9-9527-3B45A7A622A6}.Release|x86.ActiveCfg = Release|Win32
		{89D5AC58-F0B6-4CE9-9527-3B45A7A622A6}.Release|x86.Build.0 = Release|Win32
		{8D4CF584-62A0-4447-BB74-2D27EACF5F04}.Debug|x64.ActiveCfg = Debug|x64
		{8D4CF584-62A0-4447-BB74-2D27EACF5F04}.Debug|x64.Build.0 = Debug|x64
		{8D4CF584-62A0-4447-BB74-2D27EACF5F04}.Debug|x86.ActiveCfg = Debug|Win32
		{8D4CF584-62A0-4447-BB74-2D27EACF5F04}.Debug|x86.Build.0 = Debug|Win32
		{8D4CF584-62A0-4447-BB74-2D27EACF5F04}.Release|x64.ActiveCfg = Release|x64
		{8D4CF584-62A0-4447-BB74-2D27EACF5F04}.Release|x64.Build.0 = Release|x64
		{8D4CF584-62A0-4447-BB74-2D27EACF5F04}.Release|x86.ActiveCfg = Release|Win32
		{8D4CF584-62A0-4447-BB74-2D27EACF5F04}.Release|x86.Build.0 = Release|Win32
		{1FF6D2E5-536F-4D34-A844-0DF31C1B06CE}.Debug|x64.ActiveCfg = Debug|x64
		{1FF6D2E5-536F-4D34-A844-0DF31C1B06CE}.Debug|x64.Build.0 = Debug|x64
		{1FF6D2E5-536F-4D34-A844-0DF31C1B06CE}.Debug|x86.ActiveCfg = Debug|Win32
		{1FF6D2E5-536F-4D34-A844-0DF31C1B06CE}.Debug|x86.Build.0 = Debug|Win32
		{1FF6D2E5-536F-4D34-A844-0DF31C1B06CE}.Release|x64.ActiveCfg = Release|x64
		{1FF6D2E5-536F-4D34-A844-0DF31C1B06CE}.Release|x64.Build.0 = Release|x64
		{1FF6D2E5-536F-4D34-A844-0DF31C1B06CE}.Release|x86.ActiveCfg = Release|Win32
		{1FF6D2E5-536F-4D34-A844-0DF31C1B06CE}.Release|x86.Build.0 = Release|Win32
		{12E62734-0D7B-4AAF-8AE7-FC19A7496976}.Debug|x64.ActiveCfg = Debug|x64
		{12E62734-0D7B-4AAF-8AE7-FC19A7496976}.Debug|x64.Build.0 = Debug|x64
		{12E62734-0D7B-4AAF-8AE7-FC19A7496976}.Debug|x86.ActiveCfg = Debug|Win32
		{12E62734-0D7B-4AAF-8AE7-FC19A7496976}.Debug|x86.Build.0 = Debug|Win32
		{12E62734-0D7B-4AAF-8AE7-FC19A7496976}.Release|x64.ActiveCfg = Release|x64
		{12E62734-0D7B-4AAF-8AE7-FC19A7496976}.Release|x64.Build.0 = Release|x64
		{12E62734-0D7B-4AAF-8AE7-FC19A7496976}.Release|x86.ActiveCfg = Release|Win32
		{12E62734-0D7B-4AAF-8AE7-FC19A7496976}.Release|x86.Build.0 = Release|Win32
		{D6ED21F6-47A5-4552-BA37-ADE220732F70}.Debug|x64.ActiveCfg = Debug|x64
		{D6ED21F6-47A5-4552-BA37-ADE220732F70}.Debug|x64.Build.0 = Debug|x64
		{D6ED21F6-47A5-4552-BA37-ADE220732F70}.Debug|x86.ActiveCfg = Debug|Win32
		{D6ED21F6-47A5-4552-BA37-ADE220732F70}.Debug|x86.Build.0 = Debug|Win32
		{D6ED21F6-47A5-4552-BA37-ADE220732F70}.Release|x64.ActiveCfg = Release|x64
		{D6ED21F6-47A5-4552-BA37-ADE220732F70}.Release|x64.Build.0 = Release|x64
		{D6ED21F6-47A5-4552-BA37-ADE220732F70}.Release|x86.ActiveCfg = Release|Win32
		{D6ED21F6-47A5-4552-BA37-ADE220732F70}.Release|x86.Build.0 = Release|Win32
		{28B2F040-F842-437C-B9FA-E4DD6DE66982}.Debug|x64.ActiveCfg = Debug|x64
		{28B2F040-F842-437C-B9FA-E4DD6DE66982}.Debug|x64.Build.0 = Debug|x64
		{28B2F040-F842-437C-B9FA-E4DD6DE66982}.Debug|x86.ActiveCfg = Debug|Win32
		{28B2F040-F842-437C-B9FA-E4DD6DE66982}.Debug|x86.Build.0 = Debug|Win32
		{28B2F040-F842-437C-B9FA-E4DD6DE66982}.Release|x64.ActiveCfg = Release|x64
		{28B2F040-F842-437C-B9FA-E4DD6DE66982}.Release|x64.Build.0 = Release|x64
		{28B2F040-F842-437C-B9FA-E4DD6DE66982}.Release|x86.ActiveCfg = Release|Win32
		{28B2F040-F842-437C-B9FA-E4DD6DE66982}.Release|x86.Build.0 = Release|Win32
		{1405DF66-0FD9-4886-A524-B40A301CF947}.Debug|x64.ActiveCfg = Debug|x64
		{1405DF66-0FD9-4886-A524-B40A301CF947}.Debug|x64.Build.0 = Debug|x64
		{1405DF66-0FD9-4886-A524-B40A301CF947}.Debug|x86.ActiveCfg = Debug|Win32
		{1405DF66-0FD9-4886-A524-B40A301CF947}.Debug|x86.Build.0 = Debug|Win32
		{1405DF66-0FD9-4886-A524-B40A301CF947}.Release|x64.ActiveCfg = Release|x64
		{1405DF66-0FD9-4886-A524-B40A301CF947}.Release|x64.Build.0 = Release|x64
		{1405DF66-0FD9-4886-A524-B40A301CF947}.Release|x86.ActiveCfg = Release|Win32
		{1405DF66-0FD9-4886-A524-B40A301CF947}.Release|x86.Build.0 = Release|Win32
		{68EBCF02-6FAC-4B6C-AB3B-0A0EE7E86DEA}.Debug|x64.ActiveCfg = Debug|x64
		{68EBCF02-6FAC-4B6C-AB3B-0A0EE7E86DEA}.Debug|x64.Build.0 = Debug|x64
		{68EBCF02-6FAC-4B6C-AB3B-0A0EE7E86DEA}.Debug|x86.ActiveCfg = Debug|Win32
		{68EBCF02-6FAC-4B6C-AB3B-0A0EE7E86DEA}.Debug|x86.Build.0 = Debug|Win32
		{68EBCF02-6FAC-4B6C-AB3B-0A0EE7E86DEA}.Release|x64.ActiveCfg = Release|x64
		{68EBCF02-6FAC-4B6C-AB3B-0A0EE7E86DEA}.Release|x64.Build.0 = Release|x64
		{68EBCF02-6FAC-4B6C-AB3B-0A0EE7E86DEA}.Release|x86.ActiveCfg = Release|Win32
		{68EBCF02-6FAC-4B6C-AB3B-0A0EE7E86DEA}.Release|x86.Build.0 = Release|Win32
		{33382A58-4D06-4D29-880E-5724877BE633}.Debug|x64.ActiveCfg = Debug|x64
		{33382A58-4D06-4D29-880E-5724877BE633}.Debug|x64.Build.0 = Debug|x64
		{33382A58-4D06-4D29-880E-5724877BE633}.Debug|x86.ActiveCfg = Debug|Win32
		{33382A58-4D06-4D29-880E-5724877BE633}.Debug|x86.Build.0 = Debug|Win32
		{33382A58-4D06-4D29-880E-5724877BE633}.Release|x64.ActiveCfg = Release|x64
		{33382A58-4D06-4D29-880E-5724877BE633}.Release|x64.Build.0 = Release|x64
		{33382A58-4D06-4D29-880E-5724877BE633}.Release|x86.ActiveCfg = Release|Win32
		{33382A58-4D06-4D29-880E-5724877BE633}.Release|x86.Build.0 = Release|Win32
		{4CCB7384-7F90-4491-A538-C8B10A957B25}.Debug|x64.ActiveCfg = Debug|x64
		{4CCB7384-7F90-4491-A538-C8B10A957B25}.Debug|x64.Build.0 = Debug|x64
		{4CCB7384-7F90-4491-A538-C8B10A957B25}.Debug|x86.ActiveCfg = Debug|Win32
		{4CCB7384-7F90-4491-A538-C8B10A957B25}.Debug|x86.Build.0 = Debug|Win32
		{4CCB7384-7F90-4491-A538-C8B10A957B25}.Release|x64.ActiveCfg = Release|x64
		{4CCB7384-7F90-4491-A538-C8B10A957B25}.Release|x64.Build.0 = Release|x64
		{4CCB7384-7F90-4491-A538-C8B10A957B25}.Release|x86.ActiveCfg = Release|Win32
		{4CCB7384-7F90-4491-A538-C8B10A957B25}.Release|x86.Build.0 = Release|Win32
		{D56F6679-8052-41BE-9395-42A563E41BE3}.Debug|x64.ActiveCfg = Debug|x64
		{D56F6679-8052-41BE-9395-42A563E41BE3}.Debug|x64.Build.0 = Debug|x64
		{D56F6679-8052-41BE-9395-42A563E41BE3}.Debug|x86.ActiveCfg = Debug|Win32
		{D56F6679-8052-41BE-9395-42A563E41BE3}.Debug|x86.Build.0 = Debug|Win32
		{D56F6679-8052-41BE-9395-42A563E41BE3}.Release|x64.ActiveCfg = Release|x64
		{D56F6679-8052-41BE-9395-42A563E41BE3}.Release|x64.Build.0 = Release|x64
		{D56F6679-8052-41BE-9395-42A563E41BE3}.Release|x86.ActiveCfg = Release|Win32
		{D56F6679-8052-41BE-9395-42A563E41BE3}.Release|x86.Build.0 = Release|Win32
		{1F103E20-03EB-4D44-BF83-85728DA23FC7}.Debug|x64.ActiveCfg = Debug|x64
		{1F103E20-03EB-4D44-BF83-85728DA23FC7}.Debug|x64.Build.0 = Debug|x64
		{1F103E20-03EB-4D44-BF83-85728DA23FC7}.Debug|x86.ActiveCfg = Debug|Win32
		{1F103E20-03EB-4D44-BF83-85728DA23FC7}.Debug|x86.Build.0 = Debug|Win32
		{1F103E20-03EB-4D44-BF83-85728DA23FC7}.Release|x64.ActiveCfg = Release|x64
		{1F103E20-03EB-4D44-BF83-85728DA23FC7}.Release|x64.Build.0 = Release|x64
		{1F103E20-03EB-4D44-BF83-85728DA23FC7}.Release|x86.ActiveCfg = Release|Win32
		{1F103E20-03EB-4D44-BF83-85728DA23FC7}.Release|x86.Build.0 = Release|Win32
		{AA6FFACF-DA97-45F4-BCAD-59A6FB8A0A0A}.Debug|x64.ActiveCfg = Debug|x64
		{AA6FFACF-DA97-45F4-BCAD-59A6FB8A0A0A}.Debug|x64.Build.0 = Debug|x64
		{AA6FFACF-DA97-45F4-BCAD-59A6FB8A0A0A}.Debug|x86.ActiveCfg = Debug|Win32
		{AA6FFACF-DA97-45F4-BCAD-59A6FB8A0A0A}.Debug|x86.Build.0 = Debug|Win32
		{AA6FFACF-DA97-45F4-BCAD-59A6FB8A0A0A}.Release|x64.ActiveCfg = Release|x64
		{AA6FFACF-DA97-45F4-BCAD-59A6FB8A0A0A}.Release|x64.Build.0 = Release|x64
		{AA6FFACF-DA97-45F4-BCAD-59A6FB8A0A0A}.Release|x86.ActiveCfg = Release|Win32
		{AA6FFACF-DA97-45F4-BCAD-59A6FB8A0A0A}.Release|x86.Build.0 = Release|Win32
		{A6B66CE3-DD54-4AC6-B7AE-4C90E7494A10}.Debug|x64.ActiveCfg = Debug|x64
		{A6B66CE3-DD54-4AC6-B7AE-4C90E7494A10}.Debug|x64.Build.0 = Debug|x64
		{A6B66CE3-DD54-4AC6-B7AE-4C90E7494A10}.Debug|x86.ActiveCfg = Debug|Win32
		{A6B66CE3-DD54-4AC6-B7AE-4C90E7494A10}.Debug|x86.Build.0 = Debug|Win32
		{A6B66CE3-DD54-4AC6-B7AE-4C90E7494A10}.Release|x64.ActiveCfg = Release|x64
		{A6B66CE3-DD54-4AC6-B7AE-4C90E7494A10}.Release|x64.Build.0 = Release|x64
		{A6B66CE3-DD54-4AC6-B7AE-4C90E7494A10}.Release|x86.ActiveCfg = Release|Win32
		{A6B66CE3-DD54-4AC6-B7AE-4C90E7494A10}.Release|x86.Build.0 = Release|Win32
		{0B201A9E-9620-41BE-984C-675C0B38D0FE}.Debug|x64.ActiveCfg = Debug|x64
		{0B201A9E-9620-41BE-984C-675C0B38D0FE}.Debug|x64.Build.0 = Debug|x64
		{0B201A9E-9620-41BE-984C-675C0B38D0FE}.Debug|x86.ActiveCfg = Debug|Win32
		{0B201A9E-9620-41BE-984C-675C0B38D0FE}.Debug|x86.Build.0 = Debug|Win32
		{0B201A9E-9620-41BE-984C-675C0B38D0FE}.Release|x64.ActiveCfg = Release|x64
		{0B201A9E-9620-41BE-984C-675C0B38D0FE}.Release|x64.Build.0 = Release|x64
		{0B201A9E-9620-41BE-984C-675C0B38D0FE}.Release|x86.ActiveCfg = Release|Win32
		{0B201A9E-9620-41BE-984C-675C0B38D0FE}.Release|x86.Build.0 = Release|Win32
		{A3F26AB7-E012-4444-BC76-D440CDF8C220}.Debug|x64.ActiveCfg = Debug|x64
		{A3F26AB7-E012-4444-BC76-D440CDF8C220}.Debug|x64.Build.0 = Debug|x64
		{A3F26AB7-E012-4444-BC76-D440CDF8C220}.Debug|x86.ActiveCfg = Debug|Win32
		{A3F26AB7-E012-4444-BC76-D440CDF8C220}.Debug|x86.Build.0 = Debug|Win32
		{A3F26AB7-E012-4444-BC76-D440CDF8C220}.Release|x64.ActiveCfg = Release|x64
		{A3F26AB7-E012-4444-BC76-D440CDF8C220}.Release|x64.Build.0 = Release|x64
		{A3F26AB7-E012-4444-BC76-D440CDF8C220}.Release|x86.ActiveCfg = Release|Win32
		{A3F26AB7-E012-4444-BC76-D440CDF8C220}.Release|x86.Build.0 = Release|Win32
		{32E9A59F-41CC-4D64-8482-96C860875E93}.Debug|x64.ActiveCfg = Debug|x64
		{32E9A59F-41CC-4D64-8482-96C860875E93}.Debug|x64.Build.0 = Debug|x64
		{32E9A59F-41CC-4D64-8482-96C860875E93}.Debug|x86.ActiveCfg = Debug|Win32
		{32E9A59F-41CC-4D64-8482-96C860875E93}.Debug|x86.Build.0 = Debug|Win32
		{32E9A59F-41CC-4D64-8482-96C860875E93}.Release|x64.ActiveCfg = Release|x64
		{32E9A59F-41CC-4D64-8482-96C860875E93}.Release|x64.Build.0 = Release|x64
		{32E9A59F-41CC-4D64-8482-96C860875E93}.Release|x86.ActiveCfg = Release|Win32
		{32E9A59F-41CC-4D64-8482-96C860875E93}.Release|x86.Build.0 = Release|Win32
		{634CA990-C627-4BF3-ACDC-A9EC0FC4737B}.Debug|x64.ActiveCfg = Debug|x64
		{634CA990-C627-4BF3-ACDC-A9EC0FC4737B}.Debug|x64.Build.0 = Debug|x64
		{634CA990-C627-4BF3-ACDC-A9EC0FC4737B}.Debug|x86.ActiveCfg = Debug|Win32
		{634CA990-C627-4BF3-ACDC-A9EC0FC4737B}.Debug|x86.Build.0 = Debug|Win32
		{634CA990-C627-4BF3-ACDC-A9EC0FC4737B}.Release|x64.ActiveCfg = Release|x64
		{634CA990-C627-4BF3-ACDC-A9EC0FC4737B}.Release|x64.Build.0 = Release|x64
		{634CA990-C627-4BF3-ACDC-A9EC0FC4737B}.Release|x86.ActiveCfg = Release|Win32
		{634CA990-C627-4BF3-ACDC-A9EC0FC4737B}.Release|x86.Build.0 = Release|Win32
		{7B87B152-0BBF-4E1B-8D0A-558DDBBA5AC5}.Debug|x64.ActiveCfg = Debug|x64
		{7B87B152-0BBF-4E1B-8D0A-558DDBBA5AC5}.Debug|x64.Build.0 = Debug|x64
		{7B87B152-0BBF-4E1B-8D0A-558DDBBA5AC5}.Debug|x86.ActiveCfg = Debug|Win32
		{7B87B152-0BBF-4E1B-8D0A-558DDBBA5AC5}.Debug|x86.Build.0 = Debug|Win32
		{7B87B152-0BBF-4E1B-8D0A-558DDBBA5AC5}.Release|x64.ActiveCfg = Release|x64
		{7B87B152-0BBF-4E1B-8D0A-558DDBBA5AC5}.Release|x64.Build.0 = Release|x64
		{7B87B152-0BBF-4E1B-8D0A-558DDBBA5AC5}.Release|x86.ActiveCfg = Release|Win32
		{7B87B152-0BBF-4E1B-8D0A-558DDBBA5AC5}.Release|x86.Build.0 = Release|Win32
		{EA6AE9BC-8176-4957-A14B-23AA600196D8}.Debug|x64.ActiveCfg = Debug|x64
		{EA6AE9BC-8176-4957-A14B-23AA600196D8}.Debug|x64.Build.0 = Debug|x64
		{EA6AE9BC-8176-4957-A14B-23AA600196D8}.Debug|x86.ActiveCfg = Debug|Win32
		{EA6AE9BC-8176-4957-A14B-23AA600196D8}.Debug|x86.Build.0 = Debug|Win32
		{EA6AE9BC-8176-4957-A14B-23AA600196D8}.Release|x64.ActiveCfg = Release|x64
		{EA6AE9BC-8176-4957-A14B-23AA600196D8}.Release|x64.Build.0 = Release|x64
		{EA6AE9BC-8176-4957-A14B-23AA600196D8}.Release|x86.ActiveCfg = Release|Win32
		{EA6AE9BC-8176-4957-A14B-23AA600196D8}.Release|x86.Build.0 = Release|Win32
		{7821B451-00FD-44CC-9A4A-C2DACDA429C0}.Debug|x64.ActiveCfg = Debug|x64
		{7821B451-00FD-44CC-9A4A-C2DACDA429C0}.Debug|x64.Build.0 = Debug|x64
		{7821B451-00FD-44CC-9A4A-C2DACDA429C0}.Debug|x86.ActiveCfg = Debug|Win32
		{7821B451-00FD-44CC-9A4A-C2DACDA429C0}.Debug|x86.Build.0 = Debug|Win32
		{7821B451-00FD-44CC-9A4A-C2DACDA429C0}.Release|x64.ActiveCfg = Release|x64
		{7821B451-00FD-44CC-9A4A-C2DACDA429C0}.Release|x64.Build.0 = Release|x64
		{7821B451-00FD-44CC-9A4A-C2DACDA429C0}.Release|x86.ActiveCfg = Release|Win32
		{7821B451-00FD-44CC-9A4A-C2DACDA429C0}.Release|x86.Build.0 = Release|Win32
		{19CF20EB-6563-4F7E-A8A1-E3FD186FA904}.Debug|x64.ActiveCfg = Debug|x64
		{19CF20EB-6563-4F7E-A8A1-E3FD186FA904}.Debug|x64.Build.0 = Debug|x64
		{19CF20EB-6563-4F7E-A8A1-E3FD186FA904}.Debug|x86.ActiveCfg = Debug|Win32
		{19CF20EB-6563-4F7E-A8A1-E3FD186FA904}.Debug|x86.Build.0 = Debug|Win32
		{19CF20EB-6563-4F7E-A8A1-E3FD186FA904}.Release|x64.ActiveCfg = Release|x64
		{19CF20EB-6563-4F7E-A8A1-E3FD186FA904}.Release|x64.Build.0 = Release|x64
		{19CF20EB-6563-4F7E-A8A1-E3FD186FA904}.Release|x86.ActiveCfg = Release|Win32
		{19CF20EB-6563-4F7E-A8A1-E3FD186FA904}.Release|x86.Build.0 = Release|Win32
		{E67187AB-07F7-4BFF-A3CB-0A57FD2A4E04}.Debug|x64.ActiveCfg = Debug|x64
		{E67187AB-07F7-4BFF-A3CB-0A57FD2A4E04}.Debug|x64.Build.0 = Debug|x64
		{E67187AB-07F7-4BFF-A3CB-0A57FD2A4E04}.Debug|x86.ActiveCfg = Debug|Win32
		{E67187AB-07F7-4BFF-A3CB-0A57FD2A4E04}.Debug|x86.Build.0 = Debug|Win32
		{E67187AB-07F7-4BFF-A3CB-0A57FD2A4E04}.Release|x64.ActiveCfg = Release|x64
		{E67187AB-07F7-4BFF-A3CB-0A57FD2A4E04}.Release|x64.Build.0 = Release|x64
		{E67187AB-07F7-4BFF-A3CB-0A57FD2A4E04}.Release|x86.ActiveCfg = Release|Win32
		{E67187AB-07F7-4BFF-A3CB-0A57FD2A4E04}.Release|x86.Build.0 = Release|Win32
		{74C9A3F7-62B1-4B64-AEAC-AE6F90495683}.Debug|x64.ActiveCfg = Debug|x64
		{74C9A3F7-62B1-4B64-AEAC-AE6F90495683}.Debug|x64.Build.0 = Debug|x64
		{74C9A3F7-62B1-4B64-AEAC-AE6F90495683}.Debug|x86.ActiveCfg = Debug|Win32
		{74C9A3F7-62B1-4B64-AEAC-AE6F90495683}.Debug|x86.Build.0 = Debug|Win32
		{74C9A3F7-62B1-4B64-AEAC-AE6F90495683}.Release|x64.ActiveCfg = Release|x64
		{74C9A3F7-62B1-4B64-AEAC-AE6F90495683}.Release|x64.Build.0 = Release|x64
		{74C9A3F7-62B1-4B64-AEAC-AE6F90495683}.Release|x86.ActiveCfg = Release|Win32
		{74C9A3F7-62B1-4B64-AEAC-AE6F90495683}.Release|x86.Build.0 = Release|Win32
		{AD0D0602-4CD9-47EF-B1A0-6A8327FA50FF}.Debug|x64.ActiveCfg = Debug|x64
		{AD0D0602-4CD9-47EF-B1A0-6A8327FA50FF}.Debug|x64.Build.0 = Debug|x64
		{AD0D0602-4CD9-47EF-B1A0-6A8327FA50FF}.Debug|x86.ActiveCfg = Debug|Win32
		{AD0D0602-4CD9-47EF-B1A0-6A8327FA50FF}.Debug|x86.Build.0 = Debug|Win32
		{AD0D0602-4CD9-47EF-B1A0-6A8327FA50FF}.Release|x64.ActiveCfg = Release|x64
		{AD0D0602-4CD9-47EF-B1A0-6A8327FA50FF}.Release|x64.Build.0 = Release|x64
		{AD0D0602-4CD9-47EF-B1A0-6A8327FA50FF}.Release|x86.ActiveCfg = Release|Win32
		{AD0D0602-4CD9-47EF-B1A0-6A8327FA50FF}.Release|x86.Build.0 = Release|Win32
		{3C9CCF88-32E7-4227-B527-AFB2EBE7B6BB}.Debug|x64.ActiveCfg = Debug|x64
		{3C9CCF88-32E7-4227-B527-AFB2EBE7B6BB}.Debug|x64.Build.0 = Debug|x64
		{3C9CCF88-32E7-4227-B527-AFB2EBE7B6BB}.Debug|x86.ActiveCfg = Debug|Win32
		{3C9CCF88-32E7-4227-B527-AFB2EBE7B6BB}.Debug|x86.Build.0 = Debug|Win32
		{3C9CCF88-32E7-4227-B527-AFB2EBE7B6BB}.Release|x64.ActiveCfg = Release|x64
		{3C9CCF88-32E7-4227-B527-AFB2EBE7B6BB}.Release|x64.Build.0 = Release|x64
		{3C9CCF88-32E7-4227-B527-AFB2EBE7B6BB}.Release|x86.ActiveCfg = Release|Win32
		{3C9CCF88-32E7-4227-B527-AFB2EBE7B6BB}.Release|x86.Build.0 = Release|Win32
		{27A3D38E-8321-4DAF-9170-958D5131BF80}.Debug|x64.ActiveCfg = Debug|x64
		{27A3D38E-8321-4DAF-9170-958D5131BF80}.Debug|x64.Build.0 = Debug|x64
		{27A3D38E-8321-4DAF-9170-958D5131BF80}.Debug|x86.ActiveCfg = Debug|Win32
		{27A3D38E-8321-4DAF-9170-958D5131BF80}.Debug|x86.Build.0 = Debug|Win32
		{27A3D38E-8321-4DAF-9170-958D5131BF80}.Release|x64.ActiveCfg = Release|x64
		{27A3D38E-8321-4DAF-9170-958D5131BF80}.Release|x64.Build.0 = Release|x64
		{27A3D38E-8321-4DAF-9170-958D5131BF80}.Release|x86.ActiveCfg = Release|Win32
		{27A3D38E-8321-4DAF-9170-958D5131BF80}.Release|x86.Build.0 = Release|Win32
		{4E48E8E4-1E9A-42BA-AEF5-2EE9F48F2B3A}.Debug|x64.ActiveCfg = Debug|x64
		{4E48E8E4-1E9A-42BA-AEF5-2EE9F48F2B3A}.Debug|x64.Build.0 = Debug|x64
		{4E48E8E4-1E9A-42BA-AEF5-2EE9F48F2B3A}.Debug|x86.ActiveCfg = Debug|Win32
		{4E48E8E4-1E9A-42BA-AEF5-2EE9F48F2B3A}.Debug|x86.Build.0 = Debug|Win32
		{4E48E8E4-1E9A-42BA-AEF5-2EE9F48F2B3A}.Release|x64.ActiveCfg = Release|x64
		{4E48E8E4-1E9A-42BA-AEF5-2EE9F48F2B3A}.Release|x64.Build.0 = Release|x64
		{4E48E8E4-1E9A-42BA-AEF5-2EE9F48F2B3A}.Release|x86.ActiveCfg = Release|Win32
		{4E48E8E4-1E9A-42BA-AEF5-2EE9F48F2B3A}.Release|x86.Build.0 = Release|Win32
		{A9B86DEF-9241-4F60-8785-F66A1E6EF8F4}.Debug|x64.ActiveCfg = Debug|x64
		{A9B86DEF-9241-4F60-8785-F66A1E6EF8F4}.Debug|x64.Build.0 = Debug|x64
		{A9B86DEF-9241-4F60-8785-F66A1E6EF8F4}.Debug|x86.ActiveCfg = Debug|Win32
		{A9B86DEF-9241-4F60-8785-F66A1E6EF8F4}.Debug|x86.Build.0 = Debug|Win32
		{A9B86DEF-9241-4F60-8785-F66A1E6EF8F4}.Release|x64.ActiveCfg = Release|x64
		{A9B86DEF-9241-4F60-8785-F66A1E6EF8F4}.Release|x64.Build.0 = Release|x64
		{A9B86DEF-9241-4F60-8785-F66A1E6EF8F4}.Release|x86.ActiveCfg = Release|Win32
		{A9B86DEF-9241-4F60-8785-F66A1E6EF8F4}.Release|x86.Build.0 = Release|Win32
		{00259861-ADA3-4424-81D0-D0A51C02A103}.Debug|x64.ActiveCfg = Debug|x64
		{00259861-ADA3-4424-81D0-D0A51C02A103}.Debug|x64.Build.0 = Debug|x64
		{00259861-ADA3-4424-81D0-D0A51C02A103}.Debug|x86.ActiveCfg = Debug|Win32
		{00259861-ADA3-4424-81D0-D0A51C02A103}.Debug|x86.Build.0 = Debug|Win32
		{00259861-ADA3-4424-81D0-D0A51C02A103}.Release|x64.ActiveCfg = Release|x64
		{00259861-ADA3-4424-81D0-D0A51C02A103}.Release|x64.Build.0 = Release|x64
		{00259861-ADA3-4424-81D0-D0A51C02A103}.Release|x86.ActiveCfg = Release|Win32
		{00259861-ADA3-4424-81D0-D0A51C02A103}.Release|x86.Build.0 = Release|Win32
		{44D8CFFD-E402-4B85-BD66-33A9631F59B8}.Debug|x64.ActiveCfg = Debug|x64
		{44D8CFFD-E402-4B85-BD66-33A9631F59B8}.Debug|x64.Build.0 = Debug|x64
		{44D8CFFD-E402-4B85-BD66-33A9631F59B8}.Debug|x86.ActiveCfg = Debug|Win32
		{44D8CFFD-E402-4B85-BD66-33A9631F59B8}.Debug|x86.Build.0 = Debug|Win32
		{44D8CFFD-E402-4B85-BD66-33A9631F59B8}.Release|x64.ActiveCfg = Release|x64
		{44D8CFFD-E402-4B85-BD66-33A9631F59B8}.Release|x64.Build.0 = Release|x64
		{44D8CFFD-E402-4B85-BD66-33A9631F59B8}.Release|x86.ActiveCfg = Release|Win32
		{44D8CFFD-E402-4B85-BD66-33A9631F59B8}.Release|x86.Build.0 = Release|Win32
		{6229114C-B969-49C7-8CFD-A80AE48E133B}.Debug|x64.ActiveCfg = Debug|x64
		{6229114C-B969-49C7-8CFD-A80AE48E133B}.Debug|x64.Build.0 = Debug|x64
		{6229114C-B969-49C7-8CFD-A80AE48E133B}.Debug|x86.ActiveCfg = Debug|Win32
		{6229114C-B969-49C7-8CFD-A80AE48E133B}.Debug|x86.Build.0 = Debug|Win32
		{6229114C-B969-49C7-8CFD-A80AE48E133B}.Release|x64.ActiveCfg = Release|x64
		{6229114C-B969-49C7-8CFD-A80AE48E133B}.Release|x64.Build.0 = Release|x64
		{6229114C-B969-49C7-8CFD-A80AE48E133B}.Release|x86.ActiveCfg = Release|Win32
		{6229114C-B969-49C7-8CFD-A80AE48E133B}.Release|x86.Build.0 = Release|Win32
		{EDF77EAD-C0A0-4289-A8DD-DB38D8DA2E2C}.Debug|x64.ActiveCfg = Debug|x64
		{EDF77EAD-C0A0-4289-A8DD-DB38D8DA2E2C}.Debug|x64.Build.0 = Debug|x64
		{EDF77EAD-C0A0-4289-A8DD-DB38D8DA2E2C}.Debug|x86.ActiveCfg = Debug|Win32
		{EDF77EAD-C0A0-4289-A8DD-DB38D8DA2E2C}.Debug|x86.Build.0 = Debug|Win32
		{EDF77EAD-C0A0-4289-A8DD-DB38D8DA2E2C}.Release|x64.ActiveCfg = Release|x64
		{EDF77EAD-C0A0-4289-A8DD-DB38D8DA2E2C}.Release|x64.Build.0 = Release|x64
		{EDF77EAD-C0A0-4289-A8DD-DB38D8DA2E2C}.Release|x86.ActiveCfg = Release|Win32
		{EDF77EAD-C0A0-4289-A8DD-DB38D8DA2E2C}.Release|x86.Build.0 = Release|Win32
		{0F43A35D-9495-4035-BC16-6E71424AF96E}.Debug|x64.ActiveCfg = Debug|x64
		{0F43A35D-9495-4035-BC16-6E71424AF96E}.Debug|x64.Build.0 = Debug|x64
		{0F43A35D-9495-4035-BC16-6E71424AF96E}.Debug|x86.ActiveCfg = Debug|Win32
		{0F43A35D-9495-4035-BC16-6E71424AF96E}.Debug|x86.Build.0 = Debug|Win32
		{0F43A35D-9495-4035-BC16-6E71424AF96E}.Release|x64.ActiveCfg = Release|x64
		{0F43A35D-9495-4035-BC16-6E71424AF96E}.Release|x64.Build.0 = Release|x64
		{0F43A35D-9495-4035-BC16-6E71424AF96E}.Release|x86.ActiveCfg = Release|Win32
		{0F43A35D-9495-4035-BC16-6E71424AF96E}.Release|x86.Build.0 = Release|Win32
		{8A100692-4535-4C9A-949E-BB8D75001849}.Debug|x64.ActiveCfg = Debug|x64
		{8A100692-4535-4C9A-949E-BB8D75001849}.Debug|x64.Build.0 = Debug|x64
		{8A100692-4535-4C9A-949E-BB8D75001849}.Debug|x86.ActiveCfg = Debug|Win32
		{8A100692-4535-4C9A-949E-BB8D75001849}.Debug|x86.Build.0 = Debug|Win32
		{8A100692-4535-4C9A-949E-BB8D75001849}.Release|x64.ActiveCfg = Release|x64
		{8A100692-4535-4C9A-949E-BB8D75001849}.Release|x64.Build.0 = Release|x64
		{8A100692-4535-4C9A-949E-BB8D75001849}.Release|x86.ActiveCfg = Release|Win32
		{8A100692-4535-4C9A-949E-BB8D75001849}.Release|x86.Build.0 = Release|Win32
		{163ABCDD-16E4-4A1C-8697-F9AE74C4C5FD}.Debug|x64.ActiveCfg = Debug|x64
		{163ABCDD-16E4-4A1C-8697-F9AE74C4C5FD}.Debug|x64.Build.0 = Debug|x64
		{163ABCDD-16E4-4A1C-8697-F9AE74C4C5FD}.Debug|x86.ActiveCfg = Debug|Win32
		{163ABCDD-16E4-4A1C-8697-F9AE74C4C5FD}.Debug|x86.Build.0 = Debug|Win32
		{163ABCDD-16E4-4A1C-8697-F9AE74C4C5FD}.Release|x64.ActiveCfg = Release|x64
		{163ABCDD-16E4-4A1C-8697-F9AE74C4C5FD}.Release|x64.Build.0 = Release|x64
		{163ABCDD-16E4-4A1C-8697-F9AE74C4C5FD}.Release|x86.ActiveCfg = Release|Win32
		{163ABCDD-16E4-4A1C-8697-F9AE74C4C5FD}.Release|x86.Build.0 = Release|Win32
		{2FF4E243-8181-4ED5-9708-6DCB80827EBB}.Debug|x64.ActiveCfg = Debug|x64
		{2FF4E243-8181-4ED5-9708-6DCB80827EBB}.Debug|x64.Build.0 = Debug|x64
		{2FF4E243-8181-4ED5-9708-6DCB80827EBB}.Debug|x86.ActiveCfg = Debug|Win32
		{2FF4E243-8181-4ED5-9708-6DCB80827EBB}.Debug|x86.Build.0 = Debug|Win32
		{2FF4E243-8181-4ED5-9708-6DCB80827EBB}.Release|x64.ActiveCfg = Release|x64
		{2FF4E243-8181-4ED5-9708-6DCB80827EBB}.Release|x64.Build.0 = Release|x64
		{2FF4E243-8181-4ED5-9708-6DCB80827EBB}.Release|x86.ActiveCfg = Release|Win32
		{2FF4E243-8181-4ED5-9708-6DCB80827EBB}.Release|x86.Build.0 = Release|Win32
		{F34B3E69-7388-4F6F-85EB-32478A43082A}.Debug|x64.ActiveCfg = Debug|x64
		{F34B3E69-7388-4F6F-85EB-32478A43082A}.Debug|x64.Build.0 = Debug|x64
		{F34B3E69-7388-4F6F-85EB-32478A43082A}.Debug|x86.ActiveCfg = Debug|Win32
		{F34B3E69-7388-4F6F-85EB-32478A43082A}.Debug|x86.Build.0 = Debug|Win32
		{F34B3E69-7388-4F6F-85EB-32478A43082A}.Release|x64.ActiveCfg = Release|x64
		{F34B3E69-7388-4F6F-85EB-32478A43082A}.Release|x64.Build.0 = Release|x64
		{F34B3E69-7388-4F6F-85EB-32478A43082A}.Release|x86.ActiveCfg = Release|Win32
		{F34B3E69-7388-4F6F-85EB-32478A43082A}.Release|x86.Build.0 = Release|Win32
		{73C64B21-C1E7-4A9B-9A00-4B169322DEB9}.Debug|x64.ActiveCfg = Debug|x64
		{73C64B21-C1E7-4A9B-9A00-4B169322DEB9}.Debug|x64.Build.0 = Debug|x64
		{73C64B21-C1E7-4A9B-9A00-4B169322DEB9}.Debug|x86.ActiveCfg = Debug|Win32
		{73C64B21-C1E7-4A9B-9A00-4B169322DEB9}.Debug|x86.Build.0 = Debug|Win32
		{73C64B21-C1E7-4A9B-9A00-4B169322DEB9}.Release|x64.ActiveCfg = Release|x64
		{73C64B21-C1E7-4A9B-9A00-4B169322DEB9}.Release|x64.Build.0 = Release|x64
		{73C64B21-C1E7-4A9B-9A00-4B169322DEB9}.Release|x86.ActiveCfg = Release|Win32
		{73C64B21-C1E7-4A9B-9A00-4B169322DEB9}.Release|x86.Build.0 = Release|Win32
		{13ECEC08-17CA-4D80-BCF4-FA1E1BD89573}.Debug|x64.ActiveCfg = Debug|x64
		{13ECEC08-17CA-4D80-BCF4-FA1E1BD89573}.Debug|x64.Build.0 = Debug|x64
		{13ECEC08-17CA-4D80-BCF4-FA1E1BD89573}.Debug|x86.ActiveCfg = Debug|Win32
		{13ECEC08-17CA-4D80-BCF4-FA1E1BD89573}.Debug|x86.Build.0 = Debug|Win32
		{13ECEC08-17CA-4D80-BCF4-FA1E1BD89573}.Release|x64.ActiveCfg = Release|x64
		{13ECEC08-17CA-4D80-BCF4-FA1E1BD89573}.Release|x64.Build.0 = Release|x64
		{13ECEC08-17CA-4D80-BCF4-FA1E1BD89573}.Release|x86.ActiveCfg = Release|Win32
		{13ECEC08-17CA-4D80-BCF4-FA1E1BD89573}.Release|x86.Build.0 = Release|Win32
		{CF69E6FE-1E31-4630-A925-6AFC50FDC216}.Debug|x64.ActiveCfg = Debug|x64
		{CF69E6FE-1E31-4630-A925-6AFC50FDC216}.Debug|x64.Build.0 = Debug|x64
		{CF69E6FE-1E31-4630-A925-6AFC50FDC216}.Debug|x86.ActiveCfg = Debug|Win32
		{CF69E6FE-1E31-4630-A925-6AFC50FDC216}.Debug|x86.Build.0 = Debug|Win32
		{CF69E6FE-1E31-4630-A925-6AFC50FDC216}.Release|x64.ActiveCfg = Release|x64
		{CF69E6FE-1E31-4630-A925-6AFC50FDC216}.Release|x64.Build.0 = Release|x64
		{CF69E6FE-1E31-4630-A925-6AFC50FDC216}.Release|x86.ActiveCfg = Release|Win32
		{CF69E6FE-1E31-4630-A925-6AFC50FDC216}.Release|x86.Build.0 = Release|Win32
		{2935505A-5F26-4A33-B9C0-91ABA67C4CAE}.Debug|x64.ActiveCfg = Debug|x64
		{2935505A-5F26-4A33-B9C0-91ABA67C4CAE}.Debug|x64.Build.0 = Debug|x64
		{2935505A-5F26-4A33-B9C0-91ABA67C4CAE}.Debug|x86.ActiveCfg = Debug|Win32
		{2935505A-5F26-4A33-B9C0-91ABA67C4CAE}.Debug|x86.Build.0 = Debug|Win32
		{2935505A-5F26-4A33-B9C0-91ABA67C4CAE}.Release|x64.ActiveCfg = Release|x64
		{2935505A-5F26-4A33-B9C0-91ABA67C4CAE}.Release|x64.Build.0 = Release|x64
		{2935505A-5F26-4A33-B9C0-91ABA67C4CAE}.Release|x86.ActiveCfg = Release|Win32
		{2935505A-5F26-4A33-B9C0-91ABA67C4CAE}.Release|x86.Build.0 = Release|Win32
		{249591DC-E019-4E8B-80B8-73F1B7573890}.Debug|x64.ActiveCfg = Debug|x64
		{249591DC-E019-4E8B-80B8-73F1B7573890}.Debug|x64.Build.0 = Debug|x64
		{249591DC-E019-4E8B-80B8-73F1B7573890}.Debug|x86.ActiveCfg = Debug|Win32
		{249591DC-E019-4E8B-80B8-73F1B7573890}.Debug|x86.Build.0 = Debug|Win32
		{249591DC-E019-4E8B-80B8-73F1B7573890}.Release|x64.ActiveCfg = Release|x64
		{249591DC-E019-4E8B-80B8-73F1B7573890}.Release|x64.Build.0 = Release|x64
		{249591DC-E019-4E8B-80B8-73F1B7573890}.Release|x86.ActiveCfg = Release|Win32
		{249591DC-E019-4E8B-80B8-73F1B7573890}.Release|x86.Build.0 = Release|Win32
		{20D387B9-F5D3-4BF5-9E15-84602225626F}.Debug|x64.ActiveCfg = Debug|x64
		{20D387B9-F5D3-4BF5-9E15-84602225626F}.Debug|x64.Build.0 = Debug|x64
		{20D387B9-F5D3-4BF5-9E15-84602225626F}.Debug|x86.ActiveCfg = Debug|Win32
		{20D387B9-F5D3-4BF5-9E15-84602225626F}.Debug|x86.Build.0 = Debug|Win32
		{20D387B9-F5D3-4BF5-9E15-84602225626F}.Release|x64.ActiveCfg = Release|x64
		{20D387B9-F5D3-4BF5-9E15-84602225626F}.Release|x64.Build.0 = Release|x64
		{20D387B9-F5D3-4BF5-9E15-84602225626F}.Release|x86.ActiveCfg = Release|Win32
		{20D387B9-F5D3-4BF5-9E15-84602225626F}.Release|x86.Build.0 = Release|Win32
		{DED04136-0D21-4734-8A08-25B79F5C7E1D}.Debug|x64.ActiveCfg = Debug|x64
		{DED04136-0D21-4734-8A08-25B79F5C7E1D}.Debug|x64.Build.0 = Debug|x64
		{DED04136-0D21-4734-8A08-25B79F5C7E1D}.Debug|x86.ActiveCfg = Debug|Win32
		{DED04136-0D21-4734-8A08-25B79F5C7E1D}.Debug|x86.Build.0 = Debug|Win32
		{DED04136-0D21-4734-8A08-25B79F5C7E1D}.Release|x64.ActiveCfg = Release|x64
		{DED04136-0D21-4734-8A08-25B79F5C7E1D}.Release|x64.Build.0 = Release|x64
		{DED04136-0D21-4734-8A08-25B79F5C7E1D}.Release|x86.ActiveCfg = Release|Win32
		{DED04136-0D21-4734-8A08-25B79F5C7E1D}.Release|x86.Build.0 = Release|Win32
		{FA69F1EA-6504-4D29-B6EF-1C90EEBFAD74}.Debug|x64.ActiveCfg = Debug|x64
		{FA69F1EA-6504-4D29-B6EF-1C90EEBFAD74}.Debug|x64.Build.0 = Debug|x64
		{FA69F1EA-6504-4D29-B6EF-1C90EEBFAD74}.Debug|x86.ActiveCfg = Debug|Win32
		{FA69F1EA-6504-4D29-B6EF-1C90EEBFAD74}.Debug|x86.Build.0 = Debug|Win32
		{FA69F1EA-6504-4D29-B6EF-1C90EEBFAD74}.Release|x64.ActiveCfg = Release|x64
		{FA69F1EA-6504-4D29-B6EF-1C90EEBFAD74}.Release|x64.Build.0 = Release|x64
		{FA69F1EA-6504-4D29-B6EF-1C90EEBFAD74}.Release|x86.ActiveCfg = Release|Win32
		{FA69F1EA-6504-4D29-B6EF-1C90EEBFAD74}.Release|x86.Build.0 = Release|Win32
		{3327A121-7EF7-4175-A612-AA87456602F5}.Debug|x64.ActiveCfg = Debug|x64
		{3327A121-7EF7-4175-A612-AA87456602F5}.Debug|x64.Build.0 = Debug|x64
		{3327A121-7EF7-4175-A612-AA87456602F5}.Debug|x86.ActiveCfg = Debug|Win32
		{3327A121-7EF7-4175-A612-AA87456602F5}.Debug|x86.Build.0 = Debug|Win32
		{3327A121-7EF7-4175-A612-AA87456602F5}.Release|x64.ActiveCfg = Release|x64
		{3327A121-7EF7-4175-A612-AA87456602F5}.Release|x64.Build.0 = Release|x64
		{3327A121-7EF7-4175-A612-AA87456602F5}.Release|x86.ActiveCfg = Release|Win32
		{3327A121-7EF7-4175-A612-AA87456602F5}.Release|x86.Build.0 = Release|Win32
		{B8A5DACF-BC41-4253-A3DF-9EBC6339E1C9}.Debug|x64.ActiveCfg = Debug|x64
		{B8A5DACF-BC41-4253-A3DF-9EBC6339E1C9}.Debug|x64.Build.0 = Debug|x64
		{B8A5DACF-BC41-4253-A3DF-9EBC6339E1C9}.Debug|x86.ActiveCfg = Debug|Win32
		{B8A5DACF-BC41-4253-A3DF-9EBC6339E1C9}.Debug|x86.Build.0 = Debug|Win32
		{B8A5DACF-BC41-4253-A3DF-9EBC6339E1C9}.Release|x64.ActiveCfg = Release|x64
		{B8A5DACF-BC41-4253-A3DF-9EBC6339E1C9}.Release|x64.Build.0 = Release|x64
		{B8A5DACF-BC41-4253-A3DF-9EBC6339E1C9}.Release|x86.ActiveCfg = Release|Win32
		{B8A5DACF-BC41-4253-A3DF-9EBC6339E1C9}.Release|x86.Build.0 = Release|Win32
		{41F24F8A-D007-41B9-9B91-F0B611A58A59}.Debug|x64.ActiveCfg = Debug|x64
		{41F24F8A-D007-41B9-9B91-F0B611A58A59}.Debug|x64.Build.0 = Debug|x64
		{41F24F8A-D007-41B9-9B91-F0B611A58A59}.Debug|x86.ActiveCfg = Debug|Win32
		{41F24F8A-D007-41B9-9B91-F0B611A58A59}.Debug|x86.Build.0 = Debug|Win32
		{41F24F8A-D007-41B9-9B91-F0B611A58A59}.Release|x64.ActiveCfg = Release|x64
		{41F24F8A-D007-41B9-9B91-F0B611A58A59}.Release|x64.Build.0 = Release|x64
		{41F24F8A-D007-41B9-9B91-F0B611A58A59}.Release|x86.ActiveCfg = Release|Win32
		{41F24F8A-D007-41B9-9B91-F0B611A58A59}.Release|x86.Build.0 = Release|Win32
		{0DD2C026-CE8B-4D84-82C1-90A7DA76193C}.Debug|x64.ActiveCfg = Debug|x64
		{0DD2C026-CE8B-4D84-82C1-90A7DA76193C}.Debug|x64.Build.0 = Debug|x64
		{0DD2C026-CE8B-4D84-82C1-90A7DA76193C}.Debug|x86.ActiveCfg = Debug|Win32
		{0DD2C026-CE8B-4D84-82C1-90A7DA76193C}.Debug|x86.Build.0 = Debug|Win32
		{0DD2C026-CE8B-4D84-82C1-90A7DA76193C}.Release|x64.ActiveCfg = Release|x64
		{0DD2C026-CE8B-4D84-82C1-90A7DA76193C}.Release|x64.Build.0 = Release|x64
		{0DD2C026-CE8B-4D84-82C1-90A7DA76193C}.Release|x86.ActiveCfg = Release|Win32
		{0DD2C026-CE8B-4D84-82C1-90A7DA76193C}.Release|x86.Build.0 = Release|Win32
		{A999A779-131F-4E81-8ADD-9C1E0A799B82}.Debug|x64.ActiveCfg = Debug|x64
		{A999A779-131F-4E81-8ADD-9C1E0A799B82}.Debug|x64.Build.0 = Debug|x64
		{A999A779-131F-4E81-8ADD-9C1E0A799B82}.Debug|x86.ActiveCfg = Debug|Win32
		{A999A779-131F-4E81-8ADD-9C1E0A799B82}.Debug|x86.Build.0 = Debug|Win32
		{A999A779-131F-4E81-8ADD-9C1E0A799B82}.Release|x64.ActiveCfg = Release|x64
		{A999A779-131F-4E81-8ADD-9C1E0A799B82}.Release|x64.Build.0 = Release|x64
		{A999A779-131F-4E81-8ADD-9C1E0A799B82}.Release|x86.ActiveCfg = Release|Win32
		{A999A779-131F-4E81-8ADD-9C1E0A799B82}.Release|x86.Build.0 = Release|Win32
		{7B5760CB-B69A-4C13-95CE-E4EB15B42D3D}.Debug|x64.ActiveCfg = Debug|x64
		{7B5760CB-B69A-4C13-95CE-E4EB15B42D3D}.Debug|x64.Build.0 = Debug|x64
		{7B5760CB-B69A-4C13-95CE-E4EB15B42D3D}.Debug|x86.ActiveCfg = Debug|Win32
		{7B5760CB-B69A-4C13-95CE-E4EB15B42D3D}.Debug|x86.Build.0 = Debug|Win32
		{7B5760CB-B69A-4C13-95CE-E4EB15B42D3D}.Release|x64.ActiveCfg = Release|x64
		{7B5760CB-B69A-4C13-95CE-E4EB15B42D3D}.Release|x64.Build.0 = Release|x64
		{7B5760CB-B69A-4C13-95CE-E4EB15B42D3D}.Release|x86.ActiveCfg = Release|Win32
		{7B5760CB-B69A-4C13-95CE-E4EB15B42D3D}.Release|x86.Build.0 = Release|Win32
		{9ECA7024-43B8-465C-8DB1-ACA3255E628B}.Debug|x64.ActiveCfg = Debug|x64
		{9ECA7024-43B8-465C-8DB1-ACA3255E628B}.Debug|x64.Build.0 = Debug|x64
		{9ECA7024-43B8-465C-8DB1-ACA3255E628B}.Debug|x86.ActiveCfg = Debug|Win32
		{9ECA7024-43B8-465C-8DB1-ACA3255E628B}.Debug|x86.Build.0 = Debug|Win32
		{9ECA7024-43B8-465C-8DB1-ACA3255E628B}.Release|x64.ActiveCfg = Release|x64
		{9ECA7024-43B8-465C-8DB1-ACA3255E628B}.Release|x64.Build.0 = Release|x64
		{9ECA7024-43B8-465C-8DB1-ACA3255E628B}.Release|x86.ActiveCfg = Release|Win32
		{9ECA7024-43B8-465C-8DB1-ACA3255E628B}.Release|x86.Build.0 = Release|Win32
		{620B8D63-EADE-4413-9286-FFB66FAA9707}.Debug|x64.ActiveCfg = Debug|x64
		{620B8D63-EADE-4413-9286-FFB66FAA9707}.Debug|x64.Build.0 = Debug|x64
		{620B8D63-EADE-4413-9286-FFB66FAA9707}.Debug|x86.ActiveCfg = Debug|Win32
		{620B8D63-EADE-4413-9286-FFB66FAA9707}.Debug|x86.Build.0 = Debug|Win32
		{620B8D63-EADE-4413-9286-FFB66FAA9707}.Release|x64.ActiveCfg = Release|x64
		{620B8D63-EADE-4413-9286-FFB66FAA9707}.Release|x64.Build.0 = Release|x64
		{620B8D63-EADE-4413-9286-FFB66FAA9707}.Release|x86.ActiveCfg = Release|Win32
		{620B8D63-EADE-4413-9286-FFB66FAA9707}.Release|x86.Build.0 = Release|Win32
		{BE0F411D-286E-4546-A98A-8498D8859570}.Debug|x64.ActiveCfg = Debug|x64
		{BE0F411D-286E-4546-A98A-8498D8859570}.Debug|x64.Build.0 = Debug|x64
		{BE0F411D-286E-4546-A98A-8498D8859570}.Debug|x86.ActiveCfg = Debug|Win32
		{BE0F411D-286E-4546-A98A-8498D8859570}.Debug|x86.Build.0 = Debug|Win32
		{BE0F411D-286E-4546-A98A-8498D8859570}.Release|x64.ActiveCfg = Release|x64
		{BE0F411D-286E-4546-A98A-8498D8859570}.Release|x64.Build.0 = Release|x64
		{BE0F411D-286E-4546-A98A-8498D8859570}.Release|x86.ActiveCfg = Release|Win32
		{BE0F411D-286E-4546-A98A-8498D8859570}.Release|x86.Build.0 = Release|Win32
		{630182FC-FF51-435A-B4BC-9B3DBF729ECB}.Debug|x64.ActiveCfg = Debug|x64
		{630182FC-FF51-435A-B4BC-9B3DBF729ECB}.Debug|x64.Build.0 = Debug|x64
		{630182FC-FF51-435A-B4BC-9B3DBF729ECB}.Debug|x86.ActiveCfg = Debug|Win32
		{630182FC-FF51-435A-B4BC-9B3DBF729ECB}.Debug|x86.Build.0 = Debug|Win32
		{630182FC-FF51-435A-B4BC-9B3DBF729ECB}.Release|x64.ActiveCfg = Release|x64
		{630182FC-FF51-435A-B4BC-9B3DBF729ECB}.Release|x64.Build.0 = Release|x64
		{630182FC-FF51-435A-B4BC-9B3DBF729ECB}.Release|x86.ActiveCfg = Release|Win32
		{630182FC-FF51-435A-B4BC-9B3DBF729ECB}.Release|x86.Build.0 = Release|Win32
		{D1C85774-ABDE-4C33-AEC9-4A2A862DC965}.Debug|x64.ActiveCfg = Debug|x64
		{D1C85774-ABDE-4C33-AEC9-4A2A862DC965}.Debug|x64.Build.0 = Debug|x64
		{D1C85774-ABDE-4C33-AEC9-4A2A862DC965}.Debug|x86.ActiveCfg = Debug|Win32
		{D1C85774-ABDE-4C33-AEC9-4A2A862DC965}.Debug|x86.Build.0 = Debug|Win32
		{D1C85774-ABDE-4C33-AEC9-4A2A862DC965}.Release|x64.ActiveCfg = Release|x64
		{D1C85774-ABDE-4C33-AEC9-4A2A862DC965}.Release|x64.Build.0 = Release|x64
		{D1C85774-ABDE-4C33-AEC9-4A2A862DC965}.Release|x86.ActiveCfg = Release|Win32
		{D1C85774-ABDE-4C33-AEC9-4A2A862DC965}.Release|x86.Build.0 = Release|Win32
		{BC96211C-E597-42BB-A71C-CC4C30EE7644}.Debug|x64.ActiveCfg = Debug|x64
		{BC96211C-E597-42BB-A71C-CC4C30EE7644}.Debug|x64.Build.0 = Debug|x64
		{BC96211C-E597-42BB-A71C-CC4C30EE7644}.Debug|x86.ActiveCfg = Debug|Win32
		{BC96211C-E597-42BB-A71C-CC4C30EE7644}.Debug|x86.Build.0 = Debug|Win32
		{BC96211C-E597-42BB-A71C-CC4C30EE7644}.Release|x64.ActiveCfg = Release|x64
		{BC96211C-E597-42BB-A71C-CC4C30EE7644}.Release|x64.Build.0 = Release|x64
		{BC96211C-E597-42BB-A71C-CC4C30EE7644}.Release|x86.ActiveCfg = Release|Win32
		{BC96211C-E597-42BB-A71C-CC4C30EE7644}.Release|x86.Build.0 = Release|Win32
		{944568BC-369B-4944-A09D-F91DC716741C}.Debug|x64.ActiveCfg = Debug|x64
		{944568BC-369B-4944-A09D-F91DC716741C}.Debug|x64.Build.0 = Debug|x64
		{944568BC-369B-4944-A09D-F91DC716741C}.Debug|x86.ActiveCfg = Debug|Win32
		{944568BC-369B-4944-A09D-F91DC716741C}.Debug|x86.Build.0 = Debug|Win32
		{944568BC-369B-4944-A09D-F91DC716741C}.Release|x64.ActiveCfg = Release|x64
		{944568BC-369B-4944-A09D-F91DC716741C}.Release|x64.Build.0 = Release|x64
		{944568BC-369B-4944-A09D-F91DC716741C}.Release|x86.ActiveCfg = Release|Win32
		{944568BC-369B-4944-A09D-F91DC716741C}.Release|x86.Build.0 = Release|Win32
		{FB1CAD64-423B-4671-885A-43DDEA3B9508}.Debug|x64.ActiveCfg = Debug|x64
		{FB1CAD64-423B-4671-885A-43DDEA3B9508}.Debug|x64.Build.0 = Debug|x64
		{FB1CAD64-423B-4671-885A-43DDEA3B9508}.Debug|x86.ActiveCfg = Debug|Win32
		{FB1CAD64-423B-4671-885A-43DDEA3B9508}.Debug|x86.Build.0 = Debug|Win32
		{FB1CAD64-423B-4671-885A-43DDEA3B9508}.Release|x64.ActiveCfg = Release|x64
		{FB1CAD64-423B-4671-885A-43DDEA3B9508}.Release|x64.Build.0 = Release|x64
		{FB1CAD64-423B-4671-885A-43DDEA3B9508}.Release|x86.ActiveCfg = Release|Win32
		{FB1CAD64-423B-4671-885A-43DDEA3B9508}.Release|x86.Build.0 = Release|Win32
		{3818F585-46AF-4888-B965-5BDA6900594E}.Debug|x64.ActiveCfg = Debug|x64
		{3818F585-46AF-4888-B965-5BDA6900594E}.Debug|x64.Build.0 = Debug|x64
		{3818F585-46AF-4888-B965-5BDA6900594E}.Debug|x86.ActiveCfg = Debug|Win32
		{3818F585-46AF-4888-B965-5BDA6900594E}.Debug|x86.Build.0 = Debug|Win32
		{3818F585-46AF-4888-B965-5BDA6900594E}.Release|x64.ActiveCfg = Release|x64
		{3818F585-46AF-4888-B965-5BDA6900594E}.Release|x64.Build.0 = Release|x64
		{3818F585-46AF-4888-B965-5BDA6900594E}.Release|x86.ActiveCfg = Release|Win32
		{3818F585-46AF-4888-B965-5BDA6900594E}.Release|x86.Build.0 = Release|Win32
		{EF099E7C-5A5C-4EA0-A8A1-DDDBB1F34745}.Debug|x64.ActiveCfg = Debug|x64
		{EF099E7C-5A5C-4EA0-A8A1-DDDBB1F34745}.Debug|x64.Build.0 = Debug|x64
		{EF099E7C-5A5C-4EA0-A8A1-DDDBB1F34745}.Debug|x86.ActiveCfg = Debug|Win32
		{EF099E7C-5A5C-4EA0-A8A1-DDDBB1F34745}.Debug|x86.Build.0 = Debug|Win32
		{EF099E7C-5A5C-4EA0-A8A1-DDDBB1F34745}.Release|x64.ActiveCfg = Release|x64
		{EF099E7C-5A5C-4EA0-A8A1-DDDBB1F34745}.Release|x64.Build.0 = Release|x64
		{EF099E7C-5A5C-4EA0-A8A1-DDDBB1F34745}.Release|x86.ActiveCfg = Release|Win32
		{EF099E7C-5A5C-4EA0-A8A1-DDDBB1F34745}.Release|x86.Build.0 = Release|Win32
		{B2C8B6CD-407F-4064-A78D-238689F13A3C}.Debug|x64.ActiveCfg = Debug|x64
		{B2C8B6CD-407F-4064-A78D-238689F13A3C}.Debug|x64.Build.0 = Debug|x64
		{B2C8B6CD-407F-4064-A78D-238689F13A3C}.Debug|x86.ActiveCfg = Debug|Win32
		{B2C8B6CD-407F-4064-A78D-238689F13A3C}.Debug|x86.Build.0 = Debug|Win32
		{B2C8B6CD-407F-4064-A78D-238689F13A3C}.Release|x64.ActiveCfg = Release|x64
		{B2C8B6CD-407F-4064-A78D-238689F13A3C}.Release|x64.Build.0 = Release|x64
		{B2C8B6CD-407F-4064-A78D-238689F13A3C}.Release|x86.ActiveCfg = Release|Win32
		{B2C8B6CD-407F-4064-A78D-238689F13A3C}.Release|x86.Build.0 = Release|Win32
		{D80B39C6-F4A3-4476-AA2B-92355B1A1529}.Debug|x64.ActiveCfg = Debug|x64
		{D80B39C6-F4A3-4476-AA2B-92355B1A1529}.Debug|x64.Build.0 = Debug|x64
		{D80B39C6-F4A3-4476-AA2B-92355B1A1529}.Debug|x86.ActiveCfg = Debug|Win32
		{D80B39C6-F4A3-4476-AA2B-92355B1A1529}.Debug|x86.Build.0 = Debug|Win32
		{D80B39C6-F4A3-4476-AA2B-92355B1A1529}.Release|x64.ActiveCfg = Release|x64
		{D80B39C6-F4A3-4476-AA2B-92355B1A1529}.Release|x64.Build.0 = Release|x64
		{D80B39C6-F4A3-4476-AA2B-92355B1A1529}.Release|x86.ActiveCfg = Release|Win32
		{D80B39C6-F4A3-4476-AA2B-92355B1A1529}.Release|x86.Build.0 = Release|Win32
		{C12EE1B4-1221-47A5-AFBA-DE2891DD7F38}.Debug|x64.ActiveCfg = Debug|x64
		{C12EE1B4-1221-47A5-AFBA-DE2891DD7F38}.Debug|x64.Build.0 = Debug|x64
		{C12EE1B4-1221-47A5-AFBA-DE2891DD7F38}.Debug|x86.ActiveCfg = Debug|Win32
		{C12EE1B4-1221-47A5-AFBA-DE2891DD7F38}.Debug|x86.Build.0 = Debug|Win32
		{C12EE1B4-1221-47A5-AFBA-DE2891DD7F38}.Release|x64.ActiveCfg = Release|x64
		{C12EE1B4-1221-47A5-AFBA-DE2891DD7F38}.Release|x64.Build.0 = Release|x64
		{C12EE1B4-1221-47A5-AFBA-DE2891DD7F38}.Release|x86.ActiveCfg = Release|Win32
		{C12EE1B4-1221-47A5-AFBA-DE2891DD7F38}.Release|x86.Build.0 = Release|Win32
		{88E58A4B-EAD6-4AD2-9F32-24AB0522F4A2}.Debug|x64.ActiveCfg = Debug|x64
		{88E58A4B-EAD6-4AD2-9F32-24AB0522F4A2}.Debug|x64.Build.0 = Debug|x64
		{88E58A4B-EAD6-4AD2-9F32-24AB0522F4A2}.Debug|x86.ActiveCfg = Debug|Win32
		{88E58A4B-EAD6-4AD2-9F32-24AB0522F4A2}.Debug|x86.Build.0 = Debug|Win32
		{88E58A4B-EAD6-4AD2-9F32-24AB0522F4A2}.Release|x64.ActiveCfg = Release|x64
		{88E58A4B-EAD6-4AD2-9F32-24AB0522F4A2}.Release|x64.Build.0 = Release|x64
		{88E58A4B-EAD6-4AD2-9F32-24AB0522F4A2}.Release|x86.ActiveCfg = Release|Win32
		{88E58A4B-EAD6-4AD2-9F32-24AB0522F4A2}.Release|x86.Build.0 = Release|Win32
		{1E2A1481-D825-49DB-B346-9D756535F7F1}.Debug|x64.ActiveCfg = Debug|x64
		{1E2A1481-D825-49DB-B346-9D756535F7F1}.Debug|x64.Build.0 = Debug|x64
		{1E2A1481-D825-49DB-B346-9D756535F7F1}.Debug|x86.ActiveCfg = Debug|Win32
		{1E2A1481-D825-49DB-B346-9D756535F7F1}.Debug|x86.Build.0 = Debug|Win32
		{1E2A1481-D825-49DB-B346-9D756535F7F1}.Release|x64.ActiveCfg = Release|x64
		{1E2A1481-D825-49DB-B346-9D756535F7F1}.Release|x64.Build.0 = Release|x64
		{1E2A1481-D825-49DB-B346-9D756535F7F1}.Release|x86.ActiveCfg = Release|Win32
		{1E2A1481-D825-49DB-B346-9D756535F7F1}.Release|x86.Build.0 = Release|Win32
		{9C45106E-9EE2-447B-97D5-14F167EB6667}.Debug|x64.ActiveCfg = Debug|x64
		{9C45106E-9EE2-447B-97D5-14F167EB6667}.Debug|x64.Build.0 = Debug|x64
		{9C45106E-9EE2-447B-97D5-14F167EB6667}.Debug|x86.ActiveCfg = Debug|Win32
		{9C45106E-9EE2-447B-97D5-14F167EB6667}.Debug|x86.Build.0 = Debug|Win32
		{9C45106E-9EE2-447B-97D5-14F167EB6667}.Release|x64.ActiveCfg = Release|x64
		{9C45106E-9EE2-447B-97D5-14F167EB6667}.Release|x64.Build.0 = Release|x64
		{9C45106E-9EE2-447B-97D5-14F167EB6667}.Release|x86.ActiveCfg = Release|Win32
		{9C45106E-9EE2-447B-97D5-14F167EB6667}.Release|x86.Build.0 = Release|Win32
		{485C00F7-8DCD-4D92-8B73-E4E3A3DECF25}.Debug|x64.ActiveCfg = Debug|x64
		{485C00F7-8DCD-4D92-8B73-E4E3A3DECF25}.Debug|x64.Build.0 = Debug|x64
		{485C00F7-8DCD-4D92-8B73-E4E3A3DECF25}.Debug|x86.ActiveCfg = Debug|Win32
		{485C00F7-8DCD-4D92-8B73-E4E3A3DECF25}.Debug|x86.Build.0 = Debug|Win32
		{485C00F7-8DCD-4D92-8B73-E4E3A3DECF25}.Release|x64.ActiveCfg = Release|x64
		{485C00F7-8DCD-4D92-8B73-E4E3A3DECF25}.Release|x64.Build.0 = Release|x64
		{485C00F7-8DCD-4D92-8B73-E4E3A3DECF25}.Release|x86.ActiveCfg = Release|Win32
		{485C00F7-8DCD-4D92-8B73-E4E3A3DECF25}.Release|x86.Build.0 = Release|Win32
		{EB15CAE3-4D77-430B-8C33-8300B4189889}.Debug|x64.ActiveCfg = Debug|x64
		{EB15CAE3-4D77-430B-8C33-8300B4189889}.Debug|x64.Build.0 = Debug|x64
		{EB15CAE3-4D77-430B-8C33-8300B4189889}.Debug|x86.ActiveCfg = Debug|Win32
		{EB15CAE3-4D77-430B-8C33-8300B4189889}.Debug|x86.Build.0 = Debug|Win32
		{EB15CAE3-4D77-430B-8C33-8300B4189889}.Release|x64.ActiveCfg = Release|x64
		{EB15CAE3-4D77-430B-8C33-8300B4189889}.Release|x64.Build.0 = Release|x64
		{EB15CAE3-4D77-430B-8C33-8300B4189889}.Release|x86.ActiveCfg = Release|Win32
		{EB15CAE3-4D77-430B-8C33-8300B4189889}.Release|x86.Build.0 = Release|Win32
		{F7FF503D-26D6-4164-B6D3-52757971FE71}.Debug|x64.ActiveCfg = Debug|x64
		{F7FF503D-26D6-4164-B6D3-52757971FE71}.Debug|x64.Build.0 = Debug|x64
		{F7FF503D-26D6-4164-B6D3-52757971FE71}.Debug|x86.ActiveCfg = Debug|Win32
		{F7FF503D-26D6-4164-B6D3-52757971FE71}.Debug|x86.Build.0 = Debug|Win32
		{F7FF503D-26D6-4164-B6D3-52757971FE71}.Release|x64.ActiveCfg = Release|x64
		{F7FF503D-26D6-4164-B6D3-52757971FE71}.Release|x64.Build.0 = Release|x64
		{F7FF503D-26D6-4164-B6D3-52757971FE71}.Release|x86.ActiveCfg = Release|Win32
		{F7FF503D-26D6-4164-B6D3-52757971FE71}.Release|x86.Build.0 = Release|Win32
		{5952939B-056A-41BD-8BB9-93676379A9F8}.Debug|x64.ActiveCfg = Debug|x64
		{5952939B-056A-41BD-8BB9-93676379A9F8}.Debug|x64.Build.0 = Debug|x64
		{5952939B-056A-41BD-8BB9-93676379A9F8}.Debug|x86.ActiveCfg = Debug|Win32
		{5952939B-056A-41BD-8BB9-93676379A9F8}.Debug|x86.Build.0 = Debug|Win32
		{5952939B-056A-41BD-8BB9-93676379A9F8}.Release|x64.ActiveCfg = Release|x64
		{5952939B-056A-41BD-8BB9-93676379A9F8}.Release|x64.Build.0 = Release|x64
		{5952939B-056A-41BD-8BB9-93676379A9F8}.Release|x86.ActiveCfg = Release|Win32
		{5952939B-056A-41BD-8BB9-93676379A9F8}.Release|x86.Build.0 = Release|Win32
		{65DCB31B-7C88-4B44-9A81-C36E3BDE016B}.Debug|x64.ActiveCfg = Debug|x64
		{65DCB31B-7C88-4B44-9A81-C36E3BDE016B}.Debug|x64.Build.0 = Debug|x64
		{65DCB31B-7C88-4B44-9A81-C36E3BDE016B}.Debug|x86.ActiveCfg = Debug|Win32
		{65DCB31B-7C88-4B44-9A81-C36E3BDE016B}.Debug|x86.Build.0 = Debug|Win32
		{65DCB31B-7C88-4B44-9A81-C36E3BDE016B}.Release|x64.ActiveCfg = Release|x64
		{65DCB31B-7C88-4B44-9A81-C36E3BDE016B}.Release|x64.Build.0 = Release|x64
		{65DCB31B-7C88-4B44-9A81-C36E3BDE016B}.Release|x86.ActiveCfg = Release|Win32
		{65DCB31B-7C88-4B44-9A81-C36E3BDE016B}.Release|x86.Build.0 = Release|Win32
		{A8D4D793-4774-49C6-AB5E-D3818CE39736}.Debug|x64.ActiveCfg = Debug|x64
		{A8D4D793-4774-49C6-AB5E-D3818CE39736}.Debug|x64.Build.0 = Debug|x64
		{A8D4D793-4774-49C6-AB5E-D3818CE39736}.Debug|x86.ActiveCfg = Debug|Win32
		{A8D4D793-4774-49C6-AB5E-D3818CE39736}.Debug|x86.Build.0 = Debug|Win32
		{A8D4D793-4774-49C6-AB5E-D3818CE39736}.Release|x64.ActiveCfg = Release|x64
		{A8D4D793-4774-49C6-AB5E-D3818CE39736}.Release|x64.Build.0 = Release|x64
		{A8D4D793-4774-49C6-AB5E-D3818CE39736}.Release|x86.ActiveCfg = Release|Win32
		{A8D4D793-4774-49C6-AB5E-D3818CE39736}.Release|x86.Build.0 = Release|Win32
		{70BE1B02-A330-4A72-8563-440F92B4D37A}.Debug|x64.ActiveCfg = Debug|x64
		{70BE1B02-A330-4A72-8563-440F92B4D37A}.Debug|x64.Build.0 = Debug|x64
		{70BE1B02-A330-4A72-8563-440F92B4D37A}.Debug|x86.ActiveCfg = Debug|Win32
		{70BE1B02-A330-4A72-8563-440F92B4D37A}.Debug|x86.Build.0 = Debug|Win32
		{70BE1B02-A330-4A72-8563-440F92B4D37A}.Release|x64.ActiveCfg = Release|x64
		{70BE1B02-A330-4A72-8563-440F92B4D37A}.Release|x64.Build.0 = Release|x64
		{70BE1B02-A330-4A72-8563-440F92B4D37A}.Release|x86.ActiveCfg = Release|Win32
		{70BE1B02-A330-4A72-8563-440F92B4D37A}.Release|x86.Build.0 = Release|Win32
		{25618120-A96C-4322-91C6-83581C6BAB4C}.Debug|x64.ActiveCfg = Debug|x64
		{25618120-A96C-4322-91C6-83581C6BAB4C}.Debug|x64.Build.0 = Debug|x64
		{25618120-A96C-4322-91C6-83581C6BAB4C}.Debug|x86.ActiveCfg = Debug|Win32
		{25618120-A96C-4322-91C6-83581C6BAB4C}.Debug|x86.Build.0 = Debug|Win32
		{25618120-A96C-4322-91C6-83581C6BAB4C}.Release|x64.ActiveCfg = Release|x64
		{25618120-A96C-4322-91C6-83581C6BAB4C}.Release|x64.Build.0 = Release|x64
		{25618120-A96C-4322-91C6-83581C6BAB4C}.Release|x86.ActiveCfg = Release|Win32
		{25618120-A96C-4322-91C6-83581C6BAB4C}.Release|x86.Build.0 = Release|Win32
		{0E4B6688-D53E-4BBC-A3F5-152608BB05DC}.Debug|x64.ActiveCfg = Debug|x64
		{0E4B6688-D53E-4BBC-A3F5-152608BB05DC}.Debug|x64.Build.0 = Debug|x64
		{0E4B6688-D53E-4BBC-A3F5-152608BB05DC}.Debug|x86.ActiveCfg = Debug|Win32
		{0E4B6688-D53E-4BBC-A3F5-152608BB05DC}.Debug|x86.Build.0 = Debug|Win32
		{0E4B6688-D53E-4BBC-A3F5-152608BB05DC}.Release|x64.ActiveCfg = Release|x64
		{0E4B6688-D53E-4BBC-A3F5-152608BB05DC}.Release|x64.Build.0 = Release|x64
		{0E4B6688-D53E-4BBC-A3F5-152608BB05DC}.Release|x86.ActiveCfg = Release|Win32
		{0E4B6688-D53E-4BBC-A3F5-152608BB05DC}.Release|x86.Build.0 = Release|Win32
		{8D339A7B-5C65-4EF7-B5C8-D0643291ADA3}.Debug|x64.ActiveCfg = Debug|x64
		{8D339A7B-5C65-4EF7-B5C8-D0643291ADA3}.Debug|x64.Build.0 = Debug|x64
		{8D339A7B-5C65-4EF7-B5C8-D0643291ADA3}.Debug|x86.ActiveCfg = Debug|Win32
		{8D339A7B-5C65-4EF7-B5C8-D0643291ADA3}.Debug|x86.Build.0 = Debug|Win32
		{8D339A7B-5C65-4EF7-B5C8-D0643291ADA3}.Release|x64.ActiveCfg = Release|x64
		{8D339A7B-5C65-4EF7-B5C8-D0643291ADA3}.Release|x64.Build.0 = Release|x64
		{8D339A7B-5C65-4EF7-B5C8-D0643291ADA3}.Release|x86.ActiveCfg = Release|Win32
		{8D339A7B-5C65-4EF7-B5C8-D0643291ADA3}.Release|x86.Build.0 = Release|Win32
		{2EFAAA40-6556-4DEA-95CD-9168797115AD}.Debug|x64.ActiveCfg = Debug|x64
		{2EFAAA40-6556-4DEA-95CD-9168797115AD}.Debug|x64.Build.0 = Debug|x64
		{2EFAAA40-6556-4DEA-95CD-9168797115AD}.Debug|x86.ActiveCfg = Debug|Win32
		{2EFAAA40-6556-4DEA-95CD-9168797115AD}.Debug|x86.Build.0 = Debug|Win32
		{2EFAAA40-6556-4DEA-95CD-9168797115AD}.Release|x64.ActiveCfg = Release|x64
		{2EFAAA40-6556-4DEA-95CD-9168797115AD}.Release|x64.Build.0 = Release|x64
		{2EFAAA40-6556-4DEA-95CD-9168797115AD}.Release|x86.ActiveCfg = Release|Win32
		{2EFAAA40-6556-4DEA-95CD-9168797115AD}.Release|x86.Build.0 = Release|Win32
		{059949CA-8B32-48B0-8811-780F78AFE051}.Debug|x64.ActiveCfg = Debug|x64
		{059949CA-8B32-48B0-8811-780F78AFE051}.Debug|x64.Build.0 = Debug|x64
		{059949CA-8B32-48B0-8811-780F78AFE051}.Debug|x86.ActiveCfg = Debug|Win32
		{059949CA-8B32-48B0-8811-780F78AFE051}.Debug|x86.Build.0 = Debug|Win32
		{059949CA-8B32-48B0-8811-780F78AFE051}.Release|x64.ActiveCfg = Release|x64
		{059949CA-8B32-48B0-8811-780F78AFE051}.Release|x64.Build.0 = Release|x64
		{059949CA-8B32-48B0-8811-780F78AFE051}.Release|x86.ActiveCfg = Release|Win32
		{059949CA-8B32-48B0-8811-780F78AFE051}.Release|x86.Build.0 = Release|Win32
		{A7FAC9E5-1E95-48B8-AE5B-F334B8F8F1B4}.Debug|x64.ActiveCfg = Debug|x64
		{A7FAC9E5-1E95-48B8-AE5B-F334B8F8F1B4}.Debug|x64.Build.0 = Debug|x64
		{A7FAC9E5-1E95-48B8-AE5B-F334B8F8F1B4}.Debug|x86.ActiveCfg = Debug|Win32
		{A7FAC9E5-1E95-48B8-AE5B-F334B8F8F1B4}.Debug|x86.Build.0 = Debug|Win32
		{A7FAC9E5-1E95-48B8-AE5B-F334B8F8F1B4}.Release|x64.ActiveCfg = Release|x64
		{A7FAC9E5-1E95-48B8-AE5B-F334B8F8F1B4}.Release|x64.Build.0 = Release|x64
		{A7FAC9E5-1E95-48B8-AE5B-F334B8F8F1B4}.Release|x86.ActiveCfg = Release|Win32
		{A7FAC9E5-1E95-48B8-AE5B-F334B8F8F1B4}.Release|x86.Build.0 = Release|Win32
	EndGlobalSection
	GlobalSection(SolutionProperties) = preSolution
		HideSolutionNode = FALSE
	EndGlobalSection
	GlobalSection(ExtensibilityGlobals) = postSolution
		SolutionGuid = {50173FDD-D536-46DB-8846-53CCD0836B18}
	EndGlobalSection
EndGlobal
