
Microsoft Visual Studio Solution File, Format Version 12.00
# Visual Studio Version 17
VisualStudioVersion = 17.9.34728.123
MinimumVisualStudioVersion = 10.0.40219.1
Project("{8BC9CEB8-8B4A-11D0-8D11-00A0C91BC942}") = "003", "003\003.vcxproj", "{F3D1BBB9-B36C-4316-92D1-3334BF4A7EAC}"
EndProject
Project("{8BC9CEB8-8B4A-11D0-8D11-00A0C91BC942}") = "001", "001\001.vcxproj", "{7AE58C27-E376-4AFC-AFB2-CBC986976E43}"
EndProject
Project("{8BC9CEB8-8B4A-11D0-8D11-00A0C91BC942}") = "002", "002\002.vcxproj", "{CDF3E3E4-B389-4118-9B03-13D28901C9D4}"
EndProject
Project("{8BC9CEB8-8B4A-11D0-8D11-00A0C91BC942}") = "004", "004\004.vcxproj", "{DD0ED187-6D8B-4D99-A11D-28F33D9E36A9}"
EndProject
Project("{8BC9CEB8-8B4A-11D0-8D11-00A0C91BC942}") = "005", "005\005.vcxproj", "{D9866139-9AD7-4D88-9D93-7942FFE08C00}"
EndProject
Project("{8BC9CEB8-8B4A-11D0-8D11-00A0C91BC942}") = "006", "006\006.vcxproj", "{C733B1A3-34A4-485B-B742-A6DDA4D5BE4E}"
EndProject
Project("{8BC9CEB8-8B4A-11D0-8D11-00A0C91BC942}") = "007", "007\007.vcxproj", "{8CE79505-66A2-4166-928C-660539F675CF}"
EndProject
Project("{8BC9CEB8-8B4A-11D0-8D11-00A0C91BC942}") = "008", "008\008.vcxproj", "{E6613F7E-4C83-4EB9-B205-F67042F92518}"
EndProject
Project("{8BC9CEB8-8B4A-11D0-8D11-00A0C91BC942}") = "009", "009\009.vcxproj", "{F966C8F2-FA1A-4A4D-A191-6F909961EF4D}"
EndProject
Project("{8BC9CEB8-8B4A-11D0-8D11-00A0C91BC942}") = "010", "010\010.vcxproj", "{D979AEC7-4DDA-4CB2-AEAD-C8068659CB7A}"
EndProject
Project("{8BC9CEB8-8B4A-11D0-8D11-00A0C91BC942}") = "011", "011\011.vcxproj", "{A7C4EDD8-F991-4F3D-91CB-61A4584365FC}"
EndProject
Project("{8BC9CEB8-8B4A-11D0-8D11-00A0C91BC942}") = "012", "012\012.vcxproj", "{2D3E7D7F-34BB-4029-A357-FEA01336E5A4}"
EndProject
Project("{8BC9CEB8-8B4A-11D0-8D11-00A0C91BC942}") = "013", "013\013.vcxproj", "{24F32EDC-EF19-4F2F-B9D3-901708DA8599}"
EndProject
Project("{8BC9CEB8-8B4A-11D0-8D11-00A0C91BC942}") = "014", "014\014.vcxproj", "{E4DDB4EF-9D37-48DF-A189-5026030DEE30}"
EndProject
Project("{8BC9CEB8-8B4A-11D0-8D11-00A0C91BC942}") = "015", "015\015.vcxproj", "{C807C334-DE0E-45D4-9B51-1522042CC766}"
EndProject
Project("{8BC9CEB8-8B4A-11D0-8D11-00A0C91BC942}") = "016", "016\016.vcxproj", "{43D548D6-D435-4EDF-A9CD-B40DB8D5BBC4}"
EndProject
Project("{8BC9CEB8-8B4A-11D0-8D11-00A0C91BC942}") = "017", "017\017.vcxproj", "{05B8CFCE-DA8A-4661-92AC-2EACB07DF189}"
EndProject
Project("{8BC9CEB8-8B4A-11D0-8D11-00A0C91BC942}") = "018", "018\018.vcxproj", "{4F9FD80E-E0CB-436B-9126-F8FAF15E7611}"
EndProject
Project("{8BC9CEB8-8B4A-11D0-8D11-00A0C91BC942}") = "019", "019\019.vcxproj", "{E99EE9B2-5214-47A1-92DA-7DF13C8BDD91}"
EndProject
Project("{8BC9CEB8-8B4A-11D0-8D11-00A0C91BC942}") = "020", "020\020.vcxproj", "{9BBE1542-439B-46E9-A5CA-9216A192317B}"
EndProject
Project("{8BC9CEB8-8B4A-11D0-8D11-00A0C91BC942}") = "021", "021\021.vcxproj", "{F4D172BA-2A2A-4814-9FF1-6C850D6E643A}"
EndProject
Project("{8BC9CEB8-8B4A-11D0-8D11-00A0C91BC942}") = "022", "022\022.vcxproj", "{E847E419-D8DE-44A8-A016-9C09E18C59AC}"
EndProject
Project("{8BC9CEB8-8B4A-11D0-8D11-00A0C91BC942}") = "023", "023\023.vcxproj", "{581338D6-5BBB-4263-9309-2C6C491C2FC0}"
EndProject
Project("{8BC9CEB8-8B4A-11D0-8D11-00A0C91BC942}") = "024", "024\024.vcxproj", "{C896E422-EE4E-45D8-B202-71EB3010E934}"
EndProject
Project("{8BC9CEB8-8B4A-11D0-8D11-00A0C91BC942}") = "025", "025\025.vcxproj", "{28569D33-DADB-43B3-8A29-B8CCD67A6EAC}"
EndProject
Project("{8BC9CEB8-8B4A-11D0-8D11-00A0C91BC942}") = "026", "026\026.vcxproj", "{41F801BE-C628-4F6C-8FB8-B9D4F990E3E9}"
EndProject
Project("{8BC9CEB8-8B4A-11D0-8D11-00A0C91BC942}") = "027", "027\027.vcxproj", "{C375A023-CF2A-436E-91B3-793C46C6BADA}"
EndProject
Project("{8BC9CEB8-8B4A-11D0-8D11-00A0C91BC942}") = "028", "028\028.vcxproj", "{646EB491-764C-45D1-A9DF-DD2012D49D6A}"
EndProject
Global
	GlobalSection(SolutionConfigurationPlatforms) = preSolution
		Debug|x64 = Debug|x64
		Debug|x86 = Debug|x86
		Release|x64 = Release|x64
		Release|x86 = Release|x86
	EndGlobalSection
	GlobalSection(ProjectConfigurationPlatforms) = postSolution
		{F3D1BBB9-B36C-4316-92D1-3334BF4A7EAC}.Debug|x64.ActiveCfg = Debug|x64
		{F3D1BBB9-B36C-4316-92D1-3334BF4A7EAC}.Debug|x64.Build.0 = Debug|x64
		{F3D1BBB9-B36C-4316-92D1-3334BF4A7EAC}.Debug|x86.ActiveCfg = Debug|Win32
		{F3D1BBB9-B36C-4316-92D1-3334BF4A7EAC}.Debug|x86.Build.0 = Debug|Win32
		{F3D1BBB9-B36C-4316-92D1-3334BF4A7EAC}.Release|x64.ActiveCfg = Release|x64
		{F3D1BBB9-B36C-4316-92D1-3334BF4A7EAC}.Release|x64.Build.0 = Release|x64
		{F3D1BBB9-B36C-4316-92D1-3334BF4A7EAC}.Release|x86.ActiveCfg = Release|Win32
		{F3D1BBB9-B36C-4316-92D1-3334BF4A7EAC}.Release|x86.Build.0 = Release|Win32
		{7AE58C27-E376-4AFC-AFB2-CBC986976E43}.Debug|x64.ActiveCfg = Debug|x64
		{7AE58C27-E376-4AFC-AFB2-CBC986976E43}.Debug|x64.Build.0 = Debug|x64
		{7AE58C27-E376-4AFC-AFB2-CBC986976E43}.Debug|x86.ActiveCfg = Debug|Win32
		{7AE58C27-E376-4AFC-AFB2-CBC986976E43}.Debug|x86.Build.0 = Debug|Win32
		{7AE58C27-E376-4AFC-AFB2-CBC986976E43}.Release|x64.ActiveCfg = Release|x64
		{7AE58C27-E376-4AFC-AFB2-CBC986976E43}.Release|x64.Build.0 = Release|x64
		{7AE58C27-E376-4AFC-AFB2-CBC986976E43}.Release|x86.ActiveCfg = Release|Win32
		{7AE58C27-E376-4AFC-AFB2-CBC986976E43}.Release|x86.Build.0 = Release|Win32
		{CDF3E3E4-B389-4118-9B03-13D28901C9D4}.Debug|x64.ActiveCfg = Debug|x64
		{CDF3E3E4-B389-4118-9B03-13D28901C9D4}.Debug|x64.Build.0 = Debug|x64
		{CDF3E3E4-B389-4118-9B03-13D28901C9D4}.Debug|x86.ActiveCfg = Debug|Win32
		{CDF3E3E4-B389-4118-9B03-13D28901C9D4}.Debug|x86.Build.0 = Debug|Win32
		{CDF3E3E4-B389-4118-9B03-13D28901C9D4}.Release|x64.ActiveCfg = Release|x64
		{CDF3E3E4-B389-4118-9B03-13D28901C9D4}.Release|x64.Build.0 = Release|x64
		{CDF3E3E4-B389-4118-9B03-13D28901C9D4}.Release|x86.ActiveCfg = Release|Win32
		{CDF3E3E4-B389-4118-9B03-13D28901C9D4}.Release|x86.Build.0 = Release|Win32
		{DD0ED187-6D8B-4D99-A11D-28F33D9E36A9}.Debug|x64.ActiveCfg = Debug|x64
		{DD0ED187-6D8B-4D99-A11D-28F33D9E36A9}.Debug|x64.Build.0 = Debug|x64
		{DD0ED187-6D8B-4D99-A11D-28F33D9E36A9}.Debug|x86.ActiveCfg = Debug|Win32
		{DD0ED187-6D8B-4D99-A11D-28F33D9E36A9}.Debug|x86.Build.0 = Debug|Win32
		{DD0ED187-6D8B-4D99-A11D-28F33D9E36A9}.Release|x64.ActiveCfg = Release|x64
		{DD0ED187-6D8B-4D99-A11D-28F33D9E36A9}.Release|x64.Build.0 = Release|x64
		{DD0ED187-6D8B-4D99-A11D-28F33D9E36A9}.Release|x86.ActiveCfg = Release|Win32
		{DD0ED187-6D8B-4D99-A11D-28F33D9E36A9}.Release|x86.Build.0 = Release|Win32
		{D9866139-9AD7-4D88-9D93-7942FFE08C00}.Debug|x64.ActiveCfg = Debug|x64
		{D9866139-9AD7-4D88-9D93-7942FFE08C00}.Debug|x64.Build.0 = Debug|x64
		{D9866139-9AD7-4D88-9D93-7942FFE08C00}.Debug|x86.ActiveCfg = Debug|Win32
		{D9866139-9AD7-4D88-9D93-7942FFE08C00}.Debug|x86.Build.0 = Debug|Win32
		{D9866139-9AD7-4D88-9D93-7942FFE08C00}.Release|x64.ActiveCfg = Release|x64
		{D9866139-9AD7-4D88-9D93-7942FFE08C00}.Release|x64.Build.0 = Release|x64
		{D9866139-9AD7-4D88-9D93-7942FFE08C00}.Release|x86.ActiveCfg = Release|Win32
		{D9866139-9AD7-4D88-9D93-7942FFE08C00}.Release|x86.Build.0 = Release|Win32
		{C733B1A3-34A4-485B-B742-A6DDA4D5BE4E}.Debug|x64.ActiveCfg = Debug|x64
		{C733B1A3-34A4-485B-B742-A6DDA4D5BE4E}.Debug|x64.Build.0 = Debug|x64
		{C733B1A3-34A4-485B-B742-A6DDA4D5BE4E}.Debug|x86.ActiveCfg = Debug|Win32
		{C733B1A3-34A4-485B-B742-A6DDA4D5BE4E}.Debug|x86.Build.0 = Debug|Win32
		{C733B1A3-34A4-485B-B742-A6DDA4D5BE4E}.Release|x64.ActiveCfg = Release|x64
		{C733B1A3-34A4-485B-B742-A6DDA4D5BE4E}.Release|x64.Build.0 = Release|x64
		{C733B1A3-34A4-485B-B742-A6DDA4D5BE4E}.Release|x86.ActiveCfg = Release|Win32
		{C733B1A3-34A4-485B-B742-A6DDA4D5BE4E}.Release|x86.Build.0 = Release|Win32
		{8CE79505-66A2-4166-928C-660539F675CF}.Debug|x64.ActiveCfg = Debug|x64
		{8CE79505-66A2-4166-928C-660539F675CF}.Debug|x64.Build.0 = Debug|x64
		{8CE79505-66A2-4166-928C-660539F675CF}.Debug|x86.ActiveCfg = Debug|Win32
		{8CE79505-66A2-4166-928C-660539F675CF}.Debug|x86.Build.0 = Debug|Win32
		{8CE79505-66A2-4166-928C-660539F675CF}.Release|x64.ActiveCfg = Release|x64
		{8CE79505-66A2-4166-928C-660539F675CF}.Release|x64.Build.0 = Release|x64
		{8CE79505-66A2-4166-928C-660539F675CF}.Release|x86.ActiveCfg = Release|Win32
		{8CE79505-66A2-4166-928C-660539F675CF}.Release|x86.Build.0 = Release|Win32
		{E6613F7E-4C83-4EB9-B205-F67042F92518}.Debug|x64.ActiveCfg = Debug|x64
		{E6613F7E-4C83-4EB9-B205-F67042F92518}.Debug|x64.Build.0 = Debug|x64
		{E6613F7E-4C83-4EB9-B205-F67042F92518}.Debug|x86.ActiveCfg = Debug|Win32
		{E6613F7E-4C83-4EB9-B205-F67042F92518}.Debug|x86.Build.0 = Debug|Win32
		{E6613F7E-4C83-4EB9-B205-F67042F92518}.Release|x64.ActiveCfg = Release|x64
		{E6613F7E-4C83-4EB9-B205-F67042F92518}.Release|x64.Build.0 = Release|x64
		{E6613F7E-4C83-4EB9-B205-F67042F92518}.Release|x86.ActiveCfg = Release|Win32
		{E6613F7E-4C83-4EB9-B205-F67042F92518}.Release|x86.Build.0 = Release|Win32
		{F966C8F2-FA1A-4A4D-A191-6F909961EF4D}.Debug|x64.ActiveCfg = Debug|x64
		{F966C8F2-FA1A-4A4D-A191-6F909961EF4D}.Debug|x64.Build.0 = Debug|x64
		{F966C8F2-FA1A-4A4D-A191-6F909961EF4D}.Debug|x86.ActiveCfg = Debug|Win32
		{F966C8F2-FA1A-4A4D-A191-6F909961EF4D}.Debug|x86.Build.0 = Debug|Win32
		{F966C8F2-FA1A-4A4D-A191-6F909961EF4D}.Release|x64.ActiveCfg = Release|x64
		{F966C8F2-FA1A-4A4D-A191-6F909961EF4D}.Release|x64.Build.0 = Release|x64
		{F966C8F2-FA1A-4A4D-A191-6F909961EF4D}.Release|x86.ActiveCfg = Release|Win32
		{F966C8F2-FA1A-4A4D-A191-6F909961EF4D}.Release|x86.Build.0 = Release|Win32
		{D979AEC7-4DDA-4CB2-AEAD-C8068659CB7A}.Debug|x64.ActiveCfg = Debug|x64
		{D979AEC7-4DDA-4CB2-AEAD-C8068659CB7A}.Debug|x64.Build.0 = Debug|x64
		{D979AEC7-4DDA-4CB2-AEAD-C8068659CB7A}.Debug|x86.ActiveCfg = Debug|Win32
		{D979AEC7-4DDA-4CB2-AEAD-C8068659CB7A}.Debug|x86.Build.0 = Debug|Win32
		{D979AEC7-4DDA-4CB2-AEAD-C8068659CB7A}.Release|x64.ActiveCfg = Release|x64
		{D979AEC7-4DDA-4CB2-AEAD-C8068659CB7A}.Release|x64.Build.0 = Release|x64
		{D979AEC7-4DDA-4CB2-AEAD-C8068659CB7A}.Release|x86.ActiveCfg = Release|Win32
		{D979AEC7-4DDA-4CB2-AEAD-C8068659CB7A}.Release|x86.Build.0 = Release|Win32
		{A7C4EDD8-F991-4F3D-91CB-61A4584365FC}.Debug|x64.ActiveCfg = Debug|x64
		{A7C4EDD8-F991-4F3D-91CB-61A4584365FC}.Debug|x64.Build.0 = Debug|x64
		{A7C4EDD8-F991-4F3D-91CB-61A4584365FC}.Debug|x86.ActiveCfg = Debug|Win32
		{A7C4EDD8-F991-4F3D-91CB-61A4584365FC}.Debug|x86.Build.0 = Debug|Win32
		{A7C4EDD8-F991-4F3D-91CB-61A4584365FC}.Release|x64.ActiveCfg = Release|x64
		{A7C4EDD8-F991-4F3D-91CB-61A4584365FC}.Release|x64.Build.0 = Release|x64
		{A7C4EDD8-F991-4F3D-91CB-61A4584365FC}.Release|x86.ActiveCfg = Release|Win32
		{A7C4EDD8-F991-4F3D-91CB-61A4584365FC}.Release|x86.Build.0 = Release|Win32
		{2D3E7D7F-34BB-4029-A357-FEA01336E5A4}.Debug|x64.ActiveCfg = Debug|x64
		{2D3E7D7F-34BB-4029-A357-FEA01336E5A4}.Debug|x64.Build.0 = Debug|x64
		{2D3E7D7F-34BB-4029-A357-FEA01336E5A4}.Debug|x86.ActiveCfg = Debug|Win32
		{2D3E7D7F-34BB-4029-A357-FEA01336E5A4}.Debug|x86.Build.0 = Debug|Win32
		{2D3E7D7F-34BB-4029-A357-FEA01336E5A4}.Release|x64.ActiveCfg = Release|x64
		{2D3E7D7F-34BB-4029-A357-FEA01336E5A4}.Release|x64.Build.0 = Release|x64
		{2D3E7D7F-34BB-4029-A357-FEA01336E5A4}.Release|x86.ActiveCfg = Release|Win32
		{2D3E7D7F-34BB-4029-A357-FEA01336E5A4}.Release|x86.Build.0 = Release|Win32
		{24F32EDC-EF19-4F2F-B9D3-901708DA8599}.Debug|x64.ActiveCfg = Debug|x64
		{24F32EDC-EF19-4F2F-B9D3-901708DA8599}.Debug|x64.Build.0 = Debug|x64
		{24F32EDC-EF19-4F2F-B9D3-901708DA8599}.Debug|x86.ActiveCfg = Debug|Win32
		{24F32EDC-EF19-4F2F-B9D3-901708DA8599}.Debug|x86.Build.0 = Debug|Win32
		{24F32EDC-EF19-4F2F-B9D3-901708DA8599}.Release|x64.ActiveCfg = Release|x64
		{24F32EDC-EF19-4F2F-B9D3-901708DA8599}.Release|x64.Build.0 = Release|x64
		{24F32EDC-EF19-4F2F-B9D3-901708DA8599}.Release|x86.ActiveCfg = Release|Win32
		{24F32EDC-EF19-4F2F-B9D3-901708DA8599}.Release|x86.Build.0 = Release|Win32
		{E4DDB4EF-9D37-48DF-A189-5026030DEE30}.Debug|x64.ActiveCfg = Debug|x64
		{E4DDB4EF-9D37-48DF-A189-5026030DEE30}.Debug|x64.Build.0 = Debug|x64
		{E4DDB4EF-9D37-48DF-A189-5026030DEE30}.Debug|x86.ActiveCfg = Debug|Win32
		{E4DDB4EF-9D37-48DF-A189-5026030DEE30}.Debug|x86.Build.0 = Debug|Win32
		{E4DDB4EF-9D37-48DF-A189-5026030DEE30}.Release|x64.ActiveCfg = Release|x64
		{E4DDB4EF-9D37-48DF-A189-5026030DEE30}.Release|x64.Build.0 = Release|x64
		{E4DDB4EF-9D37-48DF-A189-5026030DEE30}.Release|x86.ActiveCfg = Release|Win32
		{E4DDB4EF-9D37-48DF-A189-5026030DEE30}.Release|x86.Build.0 = Release|Win32
		{C807C334-DE0E-45D4-9B51-1522042CC766}.Debug|x64.ActiveCfg = Debug|x64
		{C807C334-DE0E-45D4-9B51-1522042CC766}.Debug|x64.Build.0 = Debug|x64
		{C807C334-DE0E-45D4-9B51-1522042CC766}.Debug|x86.ActiveCfg = Debug|Win32
		{C807C334-DE0E-45D4-9B51-1522042CC766}.Debug|x86.Build.0 = Debug|Win32
		{C807C334-DE0E-45D4-9B51-1522042CC766}.Release|x64.ActiveCfg = Release|x64
		{C807C334-DE0E-45D4-9B51-1522042CC766}.Release|x64.Build.0 = Release|x64
		{C807C334-DE0E-45D4-9B51-1522042CC766}.Release|x86.ActiveCfg = Release|Win32
		{C807C334-DE0E-45D4-9B51-1522042CC766}.Release|x86.Build.0 = Release|Win32
		{43D548D6-D435-4EDF-A9CD-B40DB8D5BBC4}.Debug|x64.ActiveCfg = Debug|x64
		{43D548D6-D435-4EDF-A9CD-B40DB8D5BBC4}.Debug|x64.Build.0 = Debug|x64
		{43D548D6-D435-4EDF-A9CD-B40DB8D5BBC4}.Debug|x86.ActiveCfg = Debug|Win32
		{43D548D6-D435-4EDF-A9CD-B40DB8D5BBC4}.Debug|x86.Build.0 = Debug|Win32
		{43D548D6-D435-4EDF-A9CD-B40DB8D5BBC4}.Release|x64.ActiveCfg = Release|x64
		{43D548D6-D435-4EDF-A9CD-B40DB8D5BBC4}.Release|x64.Build.0 = Release|x64
		{43D548D6-D435-4EDF-A9CD-B40DB8D5BBC4}.Release|x86.ActiveCfg = Release|Win32
		{43D548D6-D435-4EDF-A9CD-B40DB8D5BBC4}.Release|x86.Build.0 = Release|Win32
		{05B8CFCE-DA8A-4661-92AC-2EACB07DF189}.Debug|x64.ActiveCfg = Debug|x64
		{05B8CFCE-DA8A-4661-92AC-2EACB07DF189}.Debug|x64.Build.0 = Debug|x64
		{05B8CFCE-DA8A-4661-92AC-2EACB07DF189}.Debug|x86.ActiveCfg = Debug|Win32
		{05B8CFCE-DA8A-4661-92AC-2EACB07DF189}.Debug|x86.Build.0 = Debug|Win32
		{05B8CFCE-DA8A-4661-92AC-2EACB07DF189}.Release|x64.ActiveCfg = Release|x64
		{05B8CFCE-DA8A-4661-92AC-2EACB07DF189}.Release|x64.Build.0 = Release|x64
		{05B8CFCE-DA8A-4661-92AC-2EACB07DF189}.Release|x86.ActiveCfg = Release|Win32
		{05B8CFCE-DA8A-4661-92AC-2EACB07DF189}.Release|x86.Build.0 = Release|Win32
		{4F9FD80E-E0CB-436B-9126-F8FAF15E7611}.Debug|x64.ActiveCfg = Debug|x64
		{4F9FD80E-E0CB-436B-9126-F8FAF15E7611}.Debug|x64.Build.0 = Debug|x64
		{4F9FD80E-E0CB-436B-9126-F8FAF15E7611}.Debug|x86.ActiveCfg = Debug|Win32
		{4F9FD80E-E0CB-436B-9126-F8FAF15E7611}.Debug|x86.Build.0 = Debug|Win32
		{4F9FD80E-E0CB-436B-9126-F8FAF15E7611}.Release|x64.ActiveCfg = Release|x64
		{4F9FD80E-E0CB-436B-9126-F8FAF15E7611}.Release|x64.Build.0 = Release|x64
		{4F9FD80E-E0CB-436B-9126-F8FAF15E7611}.Release|x86.ActiveCfg = Release|Win32
		{4F9FD80E-E0CB-436B-9126-F8FAF15E7611}.Release|x86.Build.0 = Release|Win32
		{E99EE9B2-5214-47A1-92DA-7DF13C8BDD91}.Debug|x64.ActiveCfg = Debug|x64
		{E99EE9B2-5214-47A1-92DA-7DF13C8BDD91}.Debug|x64.Build.0 = Debug|x64
		{E99EE9B2-5214-47A1-92DA-7DF13C8BDD91}.Debug|x86.ActiveCfg = Debug|Win32
		{E99EE9B2-5214-47A1-92DA-7DF13C8BDD91}.Debug|x86.Build.0 = Debug|Win32
		{E99EE9B2-5214-47A1-92DA-7DF13C8BDD91}.Release|x64.ActiveCfg = Release|x64
		{E99EE9B2-5214-47A1-92DA-7DF13C8BDD91}.Release|x64.Build.0 = Release|x64
		{E99EE9B2-5214-47A1-92DA-7DF13C8BDD91}.Release|x86.ActiveCfg = Release|Win32
		{E99EE9B2-5214-47A1-92DA-7DF13C8BDD91}.Release|x86.Build.0 = Release|Win32
		{9BBE1542-439B-46E9-A5CA-9216A192317B}.Debug|x64.ActiveCfg = Debug|x64
		{9BBE1542-439B-46E9-A5CA-9216A192317B}.Debug|x64.Build.0 = Debug|x64
		{9BBE1542-439B-46E9-A5CA-9216A192317B}.Debug|x86.ActiveCfg = Debug|Win32
		{9BBE1542-439B-46E9-A5CA-9216A192317B}.Debug|x86.Build.0 = Debug|Win32
		{9BBE1542-439B-46E9-A5CA-9216A192317B}.Release|x64.ActiveCfg = Release|x64
		{9BBE1542-439B-46E9-A5CA-9216A192317B}.Release|x64.Build.0 = Release|x64
		{9BBE1542-439B-46E9-A5CA-9216A192317B}.Release|x86.ActiveCfg = Release|Win32
		{9BBE1542-439B-46E9-A5CA-9216A192317B}.Release|x86.Build.0 = Release|Win32
		{F4D172BA-2A2A-4814-9FF1-6C850D6E643A}.Debug|x64.ActiveCfg = Debug|x64
		{F4D172BA-2A2A-4814-9FF1-6C850D6E643A}.Debug|x64.Build.0 = Debug|x64
		{F4D172BA-2A2A-4814-9FF1-6C850D6E643A}.Debug|x86.ActiveCfg = Debug|Win32
		{F4D172BA-2A2A-4814-9FF1-6C850D6E643A}.Debug|x86.Build.0 = Debug|Win32
		{F4D172BA-2A2A-4814-9FF1-6C850D6E643A}.Release|x64.ActiveCfg = Release|x64
		{F4D172BA-2A2A-4814-9FF1-6C850D6E643A}.Release|x64.Build.0 = Release|x64
		{F4D172BA-2A2A-4814-9FF1-6C850D6E643A}.Release|x86.ActiveCfg = Release|Win32
		{F4D172BA-2A2A-4814-9FF1-6C850D6E643A}.Release|x86.Build.0 = Release|Win32
		{E847E419-D8DE-44A8-A016-9C09E18C59AC}.Debug|x64.ActiveCfg = Debug|x64
		{E847E419-D8DE-44A8-A016-9C09E18C59AC}.Debug|x64.Build.0 = Debug|x64
		{E847E419-D8DE-44A8-A016-9C09E18C59AC}.Debug|x86.ActiveCfg = Debug|Win32
		{E847E419-D8DE-44A8-A016-9C09E18C59AC}.Debug|x86.Build.0 = Debug|Win32
		{E847E419-D8DE-44A8-A016-9C09E18C59AC}.Release|x64.ActiveCfg = Release|x64
		{E847E419-D8DE-44A8-A016-9C09E18C59AC}.Release|x64.Build.0 = Release|x64
		{E847E419-D8DE-44A8-A016-9C09E18C59AC}.Release|x86.ActiveCfg = Release|Win32
		{E847E419-D8DE-44A8-A016-9C09E18C59AC}.Release|x86.Build.0 = Release|Win32
		{581338D6-5BBB-4263-9309-2C6C491C2FC0}.Debug|x64.ActiveCfg = Debug|x64
		{581338D6-5BBB-4263-9309-2C6C491C2FC0}.Debug|x64.Build.0 = Debug|x64
		{581338D6-5BBB-4263-9309-2C6C491C2FC0}.Debug|x86.ActiveCfg = Debug|Win32
		{581338D6-5BBB-4263-9309-2C6C491C2FC0}.Debug|x86.Build.0 = Debug|Win32
		{581338D6-5BBB-4263-9309-2C6C491C2FC0}.Release|x64.ActiveCfg = Release|x64
		{581338D6-5BBB-4263-9309-2C6C491C2FC0}.Release|x64.Build.0 = Release|x64
		{581338D6-5BBB-4263-9309-2C6C491C2FC0}.Release|x86.ActiveCfg = Release|Win32
		{581338D6-5BBB-4263-9309-2C6C491C2FC0}.Release|x86.Build.0 = Release|Win32
		{C896E422-EE4E-45D8-B202-71EB3010E934}.Debug|x64.ActiveCfg = Debug|x64
		{C896E422-EE4E-45D8-B202-71EB3010E934}.Debug|x64.Build.0 = Debug|x64
		{C896E422-EE4E-45D8-B202-71EB3010E934}.Debug|x86.ActiveCfg = Debug|Win32
		{C896E422-EE4E-45D8-B202-71EB3010E934}.Debug|x86.Build.0 = Debug|Win32
		{C896E422-EE4E-45D8-B202-71EB3010E934}.Release|x64.ActiveCfg = Release|x64
		{C896E422-EE4E-45D8-B202-71EB3010E934}.Release|x64.Build.0 = Release|x64
		{C896E422-EE4E-45D8-B202-71EB3010E934}.Release|x86.ActiveCfg = Release|Win32
		{C896E422-EE4E-45D8-B202-71EB3010E934}.Release|x86.Build.0 = Release|Win32
		{28569D33-DADB-43B3-8A29-B8CCD67A6EAC}.Debug|x64.ActiveCfg = Debug|x64
		{28569D33-DADB-43B3-8A29-B8CCD67A6EAC}.Debug|x64.Build.0 = Debug|x64
		{28569D33-DADB-43B3-8A29-B8CCD67A6EAC}.Debug|x86.ActiveCfg = Debug|Win32
		{28569D33-DADB-43B3-8A29-B8CCD67A6EAC}.Debug|x86.Build.0 = Debug|Win32
		{28569D33-DADB-43B3-8A29-B8CCD67A6EAC}.Release|x64.ActiveCfg = Release|x64
		{28569D33-DADB-43B3-8A29-B8CCD67A6EAC}.Release|x64.Build.0 = Release|x64
		{28569D33-DADB-43B3-8A29-B8CCD67A6EAC}.Release|x86.ActiveCfg = Release|Win32
		{28569D33-DADB-43B3-8A29-B8CCD67A6EAC}.Release|x86.Build.0 = Release|Win32
		{41F801BE-C628-4F6C-8FB8-B9D4F990E3E9}.Debug|x64.ActiveCfg = Debug|x64
		{41F801BE-C628-4F6C-8FB8-B9D4F990E3E9}.Debug|x64.Build.0 = Debug|x64
		{41F801BE-C628-4F6C-8FB8-B9D4F990E3E9}.Debug|x86.ActiveCfg = Debug|Win32
		{41F801BE-C628-4F6C-8FB8-B9D4F990E3E9}.Debug|x86.Build.0 = Debug|Win32
		{41F801BE-C628-4F6C-8FB8-B9D4F990E3E9}.Release|x64.ActiveCfg = Release|x64
		{41F801BE-C628-4F6C-8FB8-B9D4F990E3E9}.Release|x64.Build.0 = Release|x64
		{41F801BE-C628-4F6C-8FB8-B9D4F990E3E9}.Release|x86.ActiveCfg = Release|Win32
		{41F801BE-C628-4F6C-8FB8-B9D4F990E3E9}.Release|x86.Build.0 = Release|Win32
		{C375A023-CF2A-436E-91B3-793C46C6BADA}.Debug|x64.ActiveCfg = Debug|x64
		{C375A023-CF2A-436E-91B3-793C46C6BADA}.Debug|x64.Build.0 = Debug|x64
		{C375A023-CF2A-436E-91B3-793C46C6BADA}.Debug|x86.ActiveCfg = Debug|Win32
		{C375A023-CF2A-436E-91B3-793C46C6BADA}.Debug|x86.Build.0 = Debug|Win32
		{C375A023-CF2A-436E-91B3-793C46C6BADA}.Release|x64.ActiveCfg = Release|x64
		{C375A023-CF2A-436E-91B3-793C46C6BADA}.Release|x64.Build.0 = Release|x64
		{C375A023-CF2A-436E-91B3-793C46C6BADA}.Release|x86.ActiveCfg = Release|Win32
		{C375A023-CF2A-436E-91B3-793C46C6BADA}.Release|x86.Build.0 = Release|Win32
		{646EB491-764C-45D1-A9DF-DD2012D49D6A}.Debug|x64.ActiveCfg = Debug|x64
		{646EB491-764C-45D1-A9DF-DD2012D49D6A}.Debug|x64.Build.0 = Debug|x64
		{646EB491-764C-45D1-A9DF-DD2012D49D6A}.Debug|x86.ActiveCfg = Debug|Win32
		{646EB491-764C-45D1-A9DF-DD2012D49D6A}.Debug|x86.Build.0 = Debug|Win32
		{646EB491-764C-45D1-A9DF-DD2012D49D6A}.Release|x64.ActiveCfg = Release|x64
		{646EB491-764C-45D1-A9DF-DD2012D49D6A}.Release|x64.Build.0 = Release|x64
		{646EB491-764C-45D1-A9DF-DD2012D49D6A}.Release|x86.ActiveCfg = Release|Win32
		{646EB491-764C-45D1-A9DF-DD2012D49D6A}.Release|x86.Build.0 = Release|Win32
	EndGlobalSection
	GlobalSection(SolutionProperties) = preSolution
		HideSolutionNode = FALSE
	EndGlobalSection
	GlobalSection(ExtensibilityGlobals) = postSolution
		SolutionGuid = {50173FDD-D536-46DB-8846-53CCD0836B18}
	EndGlobalSection
EndGlobal
